PODS:
  - HanekeSwift (0.10.1)
  - Pushwoosh (5.3.1)
  - RAMAnimatedTabBarController (2.0.2)
  - SlideMenuControllerSwift (3.0.0)
  - SwiftHTTP (2.0.2)

DEPENDENCIES:
  - HanekeSwift (from `https://github.com/Haneke/HanekeSwift.git`, branch `feature/swift-3`)
  - Pushwoosh
  - RAMAnimatedTabBarController (~> 2.0.2)
  - SlideMenuControllerSwift (from `https://github.com/dekatotoro/SlideMenuControllerSwift.git`, branch `master`)
  - SwiftHTTP (from `https://github.com/daltoniam/SwiftHTTP.git`, branch `master`)

SPEC REPOS:
  https://github.com/cocoapods/specs.git:
    - Pushwoosh
    - RAMAnimatedTabBarController

EXTERNAL SOURCES:
  HanekeSwift:
    :branch: feature/swift-3
    :git: https://github.com/Haneke/HanekeSwift.git
  SlideMenuControllerSwift:
    :branch: master
    :git: https://github.com/dekatotoro/SlideMenuControllerSwift.git
  SwiftHTTP:
    :branch: master
    :git: https://github.com/daltoniam/SwiftHTTP.git

CHECKOUT OPTIONS:
  HanekeSwift:
    :commit: 6e48f795c5928101043a5e11e1377877e042012d
    :git: https://github.com/Haneke/HanekeSwift.git
  SlideMenuControllerSwift:
    :commit: 435232407b304b463e3672df1a6b2f955c7a6be9
    :git: https://github.com/dekatotoro/SlideMenuControllerSwift.git
  SwiftHTTP:
    :commit: 94e3bef83ed33b2d0baeffaa17e36ba41586141d
    :git: https://github.com/daltoniam/SwiftHTTP.git

SPEC CHECKSUMS:
  HanekeSwift: 4113367892828e7700d24a384027de6ebc79aad1
  Pushwoosh: 63ece3b160161aa7ce2926f864b2c5d7f0416615
  RAMAnimatedTabBarController: 8b4b7e41d1d6c76ebf6482233f4bc528231db437
  SlideMenuControllerSwift: 9c0a84f9a3fba51681debd7be77617094562ebcc
  SwiftHTTP: c04bfedac299c931fbf419f07b7d42024ff45fdd

PODFILE CHECKSUM: 9f9775ebe41a4243235c6fa427d30080575b5cad

COCOAPODS: 1.5.3
