// !$*UTF8*$!
{
	archiveVersion = 1;
	classes = {
	};
	objectVersion = 46;
	objects = {

/* Begin PBXBuildFile section */
		360A50FE1C577A05001F7E40 /* SideMenuController.swift in Sources */ = {isa = PBXBuildFile; fileRef = 360A50FD1C577A05001F7E40 /* SideMenuController.swift */; };
		360A51011C579AAD001F7E40 /* playerInside.swift in Sources */ = {isa = PBXBuildFile; fileRef = 360A51001C579AAD001F7E40 /* playerInside.swift */; };
		360A51031C579ACB001F7E40 /* playerInside.xib in Resources */ = {isa = PBXBuildFile; fileRef = 360A51021C579ACB001F7E40 /* playerInside.xib */; };
		362A175B1C58AA3C00B11F22 /* team2.xib in Resources */ = {isa = PBXBuildFile; fileRef = 362A175A1C58AA3C00B11F22 /* team2.xib */; };
		362A175D1C58AA6500B11F22 /* team2.swift in Sources */ = {isa = PBXBuildFile; fileRef = 362A175C1C58AA6500B11F22 /* team2.swift */; };
		3636099B1C5C740800078DC7 /* Pushwoosh.framework in Frameworks */ = {isa = PBXBuildFile; fileRef = 3636099A1C5C740800078DC7 /* Pushwoosh.framework */; };
		363609A01C5C749E00078DC7 /* libz.tbd in Frameworks */ = {isa = PBXBuildFile; fileRef = 3636099F1C5C749E00078DC7 /* libz.tbd */; };
		363609A21C5C74A500078DC7 /* libstdc++.tbd in Frameworks */ = {isa = PBXBuildFile; fileRef = 363609A11C5C74A500078DC7 /* libstdc++.tbd */; };
		363609A41C5C74FE00078DC7 /* MapKit.framework in Frameworks */ = {isa = PBXBuildFile; fileRef = 363609A31C5C74FE00078DC7 /* MapKit.framework */; };
		363609A61C5C750700078DC7 /* ImageIO.framework in Frameworks */ = {isa = PBXBuildFile; fileRef = 363609A51C5C750700078DC7 /* ImageIO.framework */; };
		363609A81C5C755B00078DC7 /* AVFoundation.framework in Frameworks */ = {isa = PBXBuildFile; fileRef = 363609A71C5C755B00078DC7 /* AVFoundation.framework */; };
		363609AA1C5C759F00078DC7 /* SystemConfiguration.framework in Frameworks */ = {isa = PBXBuildFile; fileRef = 363609A91C5C759F00078DC7 /* SystemConfiguration.framework */; };
		366F19D71C58EFBD00321669 /* WebController.swift in Sources */ = {isa = PBXBuildFile; fileRef = 366F19D61C58EFBD00321669 /* WebController.swift */; };
		366F19D91C58F32700321669 /* BookTicketController.swift in Sources */ = {isa = PBXBuildFile; fileRef = 366F19D81C58F32700321669 /* BookTicketController.swift */; };
		366F19DC1C58F52600321669 /* bookTicket.swift in Sources */ = {isa = PBXBuildFile; fileRef = 366F19DB1C58F52600321669 /* bookTicket.swift */; };
		366F19DE1C58F55800321669 /* bookTicket.xib in Resources */ = {isa = PBXBuildFile; fileRef = 366F19DD1C58F55800321669 /* bookTicket.xib */; };
		3685BD421C5A163000BC44D0 /* upcoming.xib in Resources */ = {isa = PBXBuildFile; fileRef = 3685BD411C5A163000BC44D0 /* upcoming.xib */; };
		3685BD441C5A164B00BC44D0 /* upcoming.swift in Sources */ = {isa = PBXBuildFile; fileRef = 3685BD431C5A164B00BC44D0 /* upcoming.swift */; };
		36AD11BD1C5BA33F005DD9F1 /* AllWebViewController.swift in Sources */ = {isa = PBXBuildFile; fileRef = 36AD11BC1C5BA33F005DD9F1 /* AllWebViewController.swift */; };
		36B789791C5A70380098C426 /* VideoPlayController.swift in Sources */ = {isa = PBXBuildFile; fileRef = 36B789781C5A70380098C426 /* VideoPlayController.swift */; };
		36B957841C5A808B00AEC0D3 /* loading.swift in Sources */ = {isa = PBXBuildFile; fileRef = 36B957831C5A808B00AEC0D3 /* loading.swift */; };
		36B957861C5A809500AEC0D3 /* loading.xib in Resources */ = {isa = PBXBuildFile; fileRef = 36B957851C5A809500AEC0D3 /* loading.xib */; };
		36F2CE8A1C56561300D0D2D6 /* player.xib in Resources */ = {isa = PBXBuildFile; fileRef = 36F2CE891C56561300D0D2D6 /* player.xib */; };
		36F2CE8C1C56561F00D0D2D6 /* player.swift in Sources */ = {isa = PBXBuildFile; fileRef = 36F2CE8B1C56561F00D0D2D6 /* player.swift */; };
		36F2CE8F1C56584400D0D2D6 /* galleryAlbum.swift in Sources */ = {isa = PBXBuildFile; fileRef = 36F2CE8E1C56584400D0D2D6 /* galleryAlbum.swift */; };
		36F2CE911C56585100D0D2D6 /* galleryAlbum.xib in Resources */ = {isa = PBXBuildFile; fileRef = 36F2CE901C56585100D0D2D6 /* galleryAlbum.xib */; };
		36F2CE941C565DD600D0D2D6 /* team.xib in Resources */ = {isa = PBXBuildFile; fileRef = 36F2CE931C565DD600D0D2D6 /* team.xib */; };
		36F2CE961C565DE100D0D2D6 /* team.swift in Sources */ = {isa = PBXBuildFile; fileRef = 36F2CE951C565DE100D0D2D6 /* team.swift */; };
		36F2CE991C5739F400D0D2D6 /* media.swift in Sources */ = {isa = PBXBuildFile; fileRef = 36F2CE981C5739F400D0D2D6 /* media.swift */; };
		36F2CE9B1C573A2300D0D2D6 /* media.xib in Resources */ = {isa = PBXBuildFile; fileRef = 36F2CE9A1C573A2300D0D2D6 /* media.xib */; };
		36F2CE9D1C57708C00D0D2D6 /* HomeController.swift in Sources */ = {isa = PBXBuildFile; fileRef = 36F2CE9C1C57708C00D0D2D6 /* HomeController.swift */; };
		36F2CE9F1C5770B900D0D2D6 /* ScheduleController.swift in Sources */ = {isa = PBXBuildFile; fileRef = 36F2CE9E1C5770B900D0D2D6 /* ScheduleController.swift */; };
		36F2CEA11C5770D400D0D2D6 /* GalleryController.swift in Sources */ = {isa = PBXBuildFile; fileRef = 36F2CEA01C5770D400D0D2D6 /* GalleryController.swift */; };
		36F2CEA31C5770E400D0D2D6 /* GalleryInsideController.swift in Sources */ = {isa = PBXBuildFile; fileRef = 36F2CEA21C5770E400D0D2D6 /* GalleryInsideController.swift */; };
		36F2CEA51C5770FE00D0D2D6 /* GalleryInside2Controller.swift in Sources */ = {isa = PBXBuildFile; fileRef = 36F2CEA41C5770FE00D0D2D6 /* GalleryInside2Controller.swift */; };
		36F2CEA71C57711E00D0D2D6 /* NewsController.swift in Sources */ = {isa = PBXBuildFile; fileRef = 36F2CEA61C57711E00D0D2D6 /* NewsController.swift */; };
		36F2CEA91C57712A00D0D2D6 /* NewsInsideController.swift in Sources */ = {isa = PBXBuildFile; fileRef = 36F2CEA81C57712A00D0D2D6 /* NewsInsideController.swift */; };
		36F2CEAB1C57718B00D0D2D6 /* KnowTeamController.swift in Sources */ = {isa = PBXBuildFile; fileRef = 36F2CEAA1C57718B00D0D2D6 /* KnowTeamController.swift */; };
		36F2CEAD1C5771AE00D0D2D6 /* KvowTeamInsideController.swift in Sources */ = {isa = PBXBuildFile; fileRef = 36F2CEAC1C5771AE00D0D2D6 /* KvowTeamInsideController.swift */; };
		36F2CEAF1C5771D800D0D2D6 /* MerchandiseController.swift in Sources */ = {isa = PBXBuildFile; fileRef = 36F2CEAE1C5771D800D0D2D6 /* MerchandiseController.swift */; };
		36F2CEB11C5771F200D0D2D6 /* WallpaperController.swift in Sources */ = {isa = PBXBuildFile; fileRef = 36F2CEB01C5771F200D0D2D6 /* WallpaperController.swift */; };
		36F2CEB31C57720600D0D2D6 /* WallpaperInsideController.swift in Sources */ = {isa = PBXBuildFile; fileRef = 36F2CEB21C57720600D0D2D6 /* WallpaperInsideController.swift */; };
		36F2CEB51C57721800D0D2D6 /* PointTableController.swift in Sources */ = {isa = PBXBuildFile; fileRef = 36F2CEB41C57721800D0D2D6 /* PointTableController.swift */; };
		36F2CEB71C57722B00D0D2D6 /* AboutController.swift in Sources */ = {isa = PBXBuildFile; fileRef = 36F2CEB61C57722B00D0D2D6 /* AboutController.swift */; };
		36F9C1601C55EDBF003D02AB /* AppDelegate.swift in Sources */ = {isa = PBXBuildFile; fileRef = 36F9C15F1C55EDBF003D02AB /* AppDelegate.swift */; };
		36F9C1651C55EDBF003D02AB /* Main.storyboard in Resources */ = {isa = PBXBuildFile; fileRef = 36F9C1631C55EDBF003D02AB /* Main.storyboard */; };
		36F9C1671C55EDBF003D02AB /* Assets.xcassets in Resources */ = {isa = PBXBuildFile; fileRef = 36F9C1661C55EDBF003D02AB /* Assets.xcassets */; };
		36F9C16A1C55EDBF003D02AB /* LaunchScreen.storyboard in Resources */ = {isa = PBXBuildFile; fileRef = 36F9C1681C55EDBF003D02AB /* LaunchScreen.storyboard */; };
		36F9C1731C55F948003D02AB /* SlideMenuController.swift in Sources */ = {isa = PBXBuildFile; fileRef = 36F9C1721C55F948003D02AB /* SlideMenuController.swift */; };
		36F9C1811C5605B9003D02AB /* UIViewControllerExtension.swift in Sources */ = {isa = PBXBuildFile; fileRef = 36F9C1801C5605B9003D02AB /* UIViewControllerExtension.swift */; };
		36F9C1831C5616B1003D02AB /* Layout.swift in Sources */ = {isa = PBXBuildFile; fileRef = 36F9C1821C5616B1003D02AB /* Layout.swift */; };
		36F9C1891C561722003D02AB /* schedule.xib in Resources */ = {isa = PBXBuildFile; fileRef = 36F9C1881C561722003D02AB /* schedule.xib */; };
		36F9C18C1C561759003D02AB /* schedule.swift in Sources */ = {isa = PBXBuildFile; fileRef = 36F9C18B1C561759003D02AB /* schedule.swift */; };
		36F9C19D1C5641BB003D02AB /* Oswald-Bold.ttf in Resources */ = {isa = PBXBuildFile; fileRef = 36F9C18E1C562837003D02AB /* Oswald-Bold.ttf */; };
		36F9C19E1C5641BB003D02AB /* Oswald-Light.ttf in Resources */ = {isa = PBXBuildFile; fileRef = 36F9C18F1C562837003D02AB /* Oswald-Light.ttf */; };
		36F9C19F1C5641BB003D02AB /* Oswald-Regular.ttf in Resources */ = {isa = PBXBuildFile; fileRef = 36F9C1901C562837003D02AB /* Oswald-Regular.ttf */; };
		36F9C1A01C5641BB003D02AB /* voyagefant_0.ttf in Resources */ = {isa = PBXBuildFile; fileRef = 36F9C1911C562837003D02AB /* voyagefant_0.ttf */; };
		36F9C1A11C5641BB003D02AB /* voyagefant3d.ttf in Resources */ = {isa = PBXBuildFile; fileRef = 36F9C1921C562837003D02AB /* voyagefant3d.ttf */; };
		36F9C1A21C5641BB003D02AB /* voyagefantacad.ttf in Resources */ = {isa = PBXBuildFile; fileRef = 36F9C1931C562837003D02AB /* voyagefantacad.ttf */; };
		36F9C1A31C5641BB003D02AB /* voyagefantcond.ttf in Resources */ = {isa = PBXBuildFile; fileRef = 36F9C1941C562837003D02AB /* voyagefantcond.ttf */; };
		36F9C1A41C5641BB003D02AB /* voyagefantexpand.ttf in Resources */ = {isa = PBXBuildFile; fileRef = 36F9C1951C562837003D02AB /* voyagefantexpand.ttf */; };
		36F9C1A51C5641BB003D02AB /* voyagefantgchrome.ttf in Resources */ = {isa = PBXBuildFile; fileRef = 36F9C1961C562837003D02AB /* voyagefantgchrome.ttf */; };
		36F9C1A61C5641BB003D02AB /* voyagefantgrad.ttf in Resources */ = {isa = PBXBuildFile; fileRef = 36F9C1971C562837003D02AB /* voyagefantgrad.ttf */; };
		36F9C1A71C5641BB003D02AB /* voyagefanthalf.ttf in Resources */ = {isa = PBXBuildFile; fileRef = 36F9C1981C562837003D02AB /* voyagefanthalf.ttf */; };
		36F9C1A81C5641BB003D02AB /* voyagefanthplat.ttf in Resources */ = {isa = PBXBuildFile; fileRef = 36F9C1991C562837003D02AB /* voyagefanthplat.ttf */; };
		36F9C1A91C5641BB003D02AB /* voyagefantlaser.ttf in Resources */ = {isa = PBXBuildFile; fileRef = 36F9C19A1C562837003D02AB /* voyagefantlaser.ttf */; };
		36F9C1AA1C5641BB003D02AB /* voyagefantstraight.ttf in Resources */ = {isa = PBXBuildFile; fileRef = 36F9C19B1C562837003D02AB /* voyagefantstraight.ttf */; };
		36F9C1AB1C5641BB003D02AB /* voyagefantstraightleft.ttf in Resources */ = {isa = PBXBuildFile; fileRef = 36F9C19C1C562837003D02AB /* voyagefantstraightleft.ttf */; };
		36F9C1AE1C5643DF003D02AB /* news.swift in Sources */ = {isa = PBXBuildFile; fileRef = 36F9C1AD1C5643DF003D02AB /* news.swift */; };
		36F9C1B01C5643E8003D02AB /* news.xib in Resources */ = {isa = PBXBuildFile; fileRef = 36F9C1AF1C5643E8003D02AB /* news.xib */; };
		36F9C1B31C564D14003D02AB /* table.xib in Resources */ = {isa = PBXBuildFile; fileRef = 36F9C1B21C564D14003D02AB /* table.xib */; };
		36F9C1B51C564EF4003D02AB /* table.swift in Sources */ = {isa = PBXBuildFile; fileRef = 36F9C1B41C564EF4003D02AB /* table.swift */; };
		36F9C1B91C5653E5003D02AB /* matches.swift in Sources */ = {isa = PBXBuildFile; fileRef = 36F9C1B81C5653E5003D02AB /* matches.swift */; };
		36F9C1BB1C5653EF003D02AB /* matches.xib in Resources */ = {isa = PBXBuildFile; fileRef = 36F9C1BA1C5653EF003D02AB /* matches.xib */; };
		36FF12771C59319900E0F990 /* RestApi.swift in Sources */ = {isa = PBXBuildFile; fileRef = 36FF12761C59319900E0F990 /* RestApi.swift */; };
		3CD47F20EEDEDD9528BA0932 /* Pods_JPP.framework in Frameworks */ = {isa = PBXBuildFile; fileRef = FD4C274A56DABBBF9AF41245 /* Pods_JPP.framework */; };
		7809A3C41C64BFB900562E6A /* fanCorner.xib in Resources */ = {isa = PBXBuildFile; fileRef = 7809A3C31C64BFB900562E6A /* fanCorner.xib */; };
		7809A3C61C64BFCB00562E6A /* fanCorner.swift in Sources */ = {isa = PBXBuildFile; fileRef = 7809A3C51C64BFCB00562E6A /* fanCorner.swift */; };
		78238FE21C57A77E0067E7D5 /* about.swift in Sources */ = {isa = PBXBuildFile; fileRef = 78238FE11C57A77E0067E7D5 /* about.swift */; };
		78238FE41C57A7890067E7D5 /* about.xib in Resources */ = {isa = PBXBuildFile; fileRef = 78238FE31C57A7890067E7D5 /* about.xib */; };
		78238FE71C57AC170067E7D5 /* trapezium.xib in Resources */ = {isa = PBXBuildFile; fileRef = 78238FE61C57AC170067E7D5 /* trapezium.xib */; };
		78238FE91C57AC350067E7D5 /* trapezium.swift in Sources */ = {isa = PBXBuildFile; fileRef = 78238FE81C57AC350067E7D5 /* trapezium.swift */; };
		96117823854BBFB45F51F300 /* Pods.framework in Frameworks */ = {isa = PBXBuildFile; fileRef = AADCA4CCFDB108A580EB8D69 /* Pods.framework */; };
		C23892D81C58C6EE00CA4DC1 /* thumbnailImage.xib in Resources */ = {isa = PBXBuildFile; fileRef = C23892D71C58C6EE00CA4DC1 /* thumbnailImage.xib */; };
		C23892DA1C58C92700CA4DC1 /* thumbnailImage.swift in Sources */ = {isa = PBXBuildFile; fileRef = C23892D91C58C92700CA4DC1 /* thumbnailImage.swift */; };
		C263D49C1C68688100837BA8 /* FanCornerController.swift in Sources */ = {isa = PBXBuildFile; fileRef = C263D49B1C68688100837BA8 /* FanCornerController.swift */; };
		C28B79F11C58DAC2001C4474 /* newsDetail.xib in Resources */ = {isa = PBXBuildFile; fileRef = C28B79F01C58DAC2001C4474 /* newsDetail.xib */; };
		C28B79F31C58DF47001C4474 /* newsDetail.swift in Sources */ = {isa = PBXBuildFile; fileRef = C28B79F21C58DF47001C4474 /* newsDetail.swift */; };
		C29C75941C5A38BF0091FF6E /* TeamPlayers.swift in Sources */ = {isa = PBXBuildFile; fileRef = C29C75931C5A38BF0091FF6E /* TeamPlayers.swift */; };
		C2F0A10C1C69AFE400345A36 /* doneMatch.xib in Resources */ = {isa = PBXBuildFile; fileRef = C2F0A10B1C69AFE400345A36 /* doneMatch.xib */; };
		C2F0A1111C69B78500345A36 /* kenyanbold.ttf in Resources */ = {isa = PBXBuildFile; fileRef = C2F0A10D1C69B78500345A36 /* kenyanbold.ttf */; };
		C2F0A1121C69B78500345A36 /* kenyanbolditalic.ttf in Resources */ = {isa = PBXBuildFile; fileRef = C2F0A10E1C69B78500345A36 /* kenyanbolditalic.ttf */; };
		C2F0A1131C69B78500345A36 /* kenyanregular.ttf in Resources */ = {isa = PBXBuildFile; fileRef = C2F0A10F1C69B78500345A36 /* kenyanregular.ttf */; };
		C2F0A1141C69B78500345A36 /* kenyanregularitalic.ttf in Resources */ = {isa = PBXBuildFile; fileRef = C2F0A1101C69B78500345A36 /* kenyanregularitalic.ttf */; };
		C2F0A1161C69B8BB00345A36 /* doneMatch.swift in Sources */ = {isa = PBXBuildFile; fileRef = C2F0A1151C69B8BB00345A36 /* doneMatch.swift */; };
		C2FF852B1C58D05000F2CFED /* singleThumbnailImage.xib in Resources */ = {isa = PBXBuildFile; fileRef = C2FF852A1C58D05000F2CFED /* singleThumbnailImage.xib */; };
		C2FF852D1C58D17A00F2CFED /* singleThumbnailImage.swift in Sources */ = {isa = PBXBuildFile; fileRef = C2FF852C1C58D17A00F2CFED /* singleThumbnailImage.swift */; };
/* End PBXBuildFile section */

/* Begin PBXFileReference section */
		2D336F626161773594C67CC5 /* Pods.debug.xcconfig */ = {isa = PBXFileReference; includeInIndex = 1; lastKnownFileType = text.xcconfig; name = Pods.debug.xcconfig; path = "Pods/Target Support Files/Pods/Pods.debug.xcconfig"; sourceTree = "<group>"; };
		360A50FD1C577A05001F7E40 /* SideMenuController.swift */ = {isa = PBXFileReference; fileEncoding = 4; lastKnownFileType = sourcecode.swift; path = SideMenuController.swift; sourceTree = "<group>"; };
		360A51001C579AAD001F7E40 /* playerInside.swift */ = {isa = PBXFileReference; fileEncoding = 4; lastKnownFileType = sourcecode.swift; path = playerInside.swift; sourceTree = "<group>"; };
		360A51021C579ACB001F7E40 /* playerInside.xib */ = {isa = PBXFileReference; fileEncoding = 4; lastKnownFileType = file.xib; path = playerInside.xib; sourceTree = "<group>"; };
		362A175A1C58AA3C00B11F22 /* team2.xib */ = {isa = PBXFileReference; fileEncoding = 4; lastKnownFileType = file.xib; path = team2.xib; sourceTree = "<group>"; };
		362A175C1C58AA6500B11F22 /* team2.swift */ = {isa = PBXFileReference; fileEncoding = 4; lastKnownFileType = sourcecode.swift; path = team2.swift; sourceTree = "<group>"; };
		3636099A1C5C740800078DC7 /* Pushwoosh.framework */ = {isa = PBXFileReference; lastKnownFileType = wrapper.framework; name = Pushwoosh.framework; path = JPP/Pushwoosh.framework; sourceTree = "<group>"; };
		3636099C1C5C741A00078DC7 /* JPP-Bridging-Header.h */ = {isa = PBXFileReference; lastKnownFileType = sourcecode.c.h; path = "JPP-Bridging-Header.h"; sourceTree = "<group>"; };
		3636099F1C5C749E00078DC7 /* libz.tbd */ = {isa = PBXFileReference; lastKnownFileType = "sourcecode.text-based-dylib-definition"; name = libz.tbd; path = usr/lib/libz.tbd; sourceTree = SDKROOT; };
		363609A11C5C74A500078DC7 /* libstdc++.tbd */ = {isa = PBXFileReference; lastKnownFileType = "sourcecode.text-based-dylib-definition"; name = "libstdc++.tbd"; path = "usr/lib/libstdc++.tbd"; sourceTree = SDKROOT; };
		363609A31C5C74FE00078DC7 /* MapKit.framework */ = {isa = PBXFileReference; lastKnownFileType = wrapper.framework; name = MapKit.framework; path = System/Library/Frameworks/MapKit.framework; sourceTree = SDKROOT; };
		363609A51C5C750700078DC7 /* ImageIO.framework */ = {isa = PBXFileReference; lastKnownFileType = wrapper.framework; name = ImageIO.framework; path = System/Library/Frameworks/ImageIO.framework; sourceTree = SDKROOT; };
		363609A71C5C755B00078DC7 /* AVFoundation.framework */ = {isa = PBXFileReference; lastKnownFileType = wrapper.framework; name = AVFoundation.framework; path = System/Library/Frameworks/AVFoundation.framework; sourceTree = SDKROOT; };
		363609A91C5C759F00078DC7 /* SystemConfiguration.framework */ = {isa = PBXFileReference; lastKnownFileType = wrapper.framework; name = SystemConfiguration.framework; path = System/Library/Frameworks/SystemConfiguration.framework; sourceTree = SDKROOT; };
		366F19D61C58EFBD00321669 /* WebController.swift */ = {isa = PBXFileReference; fileEncoding = 4; lastKnownFileType = sourcecode.swift; path = WebController.swift; sourceTree = "<group>"; };
		366F19D81C58F32700321669 /* BookTicketController.swift */ = {isa = PBXFileReference; fileEncoding = 4; lastKnownFileType = sourcecode.swift; path = BookTicketController.swift; sourceTree = "<group>"; };
		366F19DB1C58F52600321669 /* bookTicket.swift */ = {isa = PBXFileReference; fileEncoding = 4; lastKnownFileType = sourcecode.swift; path = bookTicket.swift; sourceTree = "<group>"; };
		366F19DD1C58F55800321669 /* bookTicket.xib */ = {isa = PBXFileReference; fileEncoding = 4; lastKnownFileType = file.xib; path = bookTicket.xib; sourceTree = "<group>"; };
		3685BD411C5A163000BC44D0 /* upcoming.xib */ = {isa = PBXFileReference; fileEncoding = 4; lastKnownFileType = file.xib; path = upcoming.xib; sourceTree = "<group>"; };
		3685BD431C5A164B00BC44D0 /* upcoming.swift */ = {isa = PBXFileReference; fileEncoding = 4; lastKnownFileType = sourcecode.swift; path = upcoming.swift; sourceTree = "<group>"; };
		36AD11BC1C5BA33F005DD9F1 /* AllWebViewController.swift */ = {isa = PBXFileReference; fileEncoding = 4; lastKnownFileType = sourcecode.swift; path = AllWebViewController.swift; sourceTree = "<group>"; };
		36B789781C5A70380098C426 /* VideoPlayController.swift */ = {isa = PBXFileReference; fileEncoding = 4; lastKnownFileType = sourcecode.swift; path = VideoPlayController.swift; sourceTree = "<group>"; };
		36B957831C5A808B00AEC0D3 /* loading.swift */ = {isa = PBXFileReference; fileEncoding = 4; lastKnownFileType = sourcecode.swift; path = loading.swift; sourceTree = "<group>"; };
		36B957851C5A809500AEC0D3 /* loading.xib */ = {isa = PBXFileReference; fileEncoding = 4; lastKnownFileType = file.xib; path = loading.xib; sourceTree = "<group>"; };
		36F2CE891C56561300D0D2D6 /* player.xib */ = {isa = PBXFileReference; fileEncoding = 4; lastKnownFileType = file.xib; path = player.xib; sourceTree = "<group>"; };
		36F2CE8B1C56561F00D0D2D6 /* player.swift */ = {isa = PBXFileReference; fileEncoding = 4; lastKnownFileType = sourcecode.swift; path = player.swift; sourceTree = "<group>"; };
		36F2CE8E1C56584400D0D2D6 /* galleryAlbum.swift */ = {isa = PBXFileReference; fileEncoding = 4; lastKnownFileType = sourcecode.swift; path = galleryAlbum.swift; sourceTree = "<group>"; };
		36F2CE901C56585100D0D2D6 /* galleryAlbum.xib */ = {isa = PBXFileReference; fileEncoding = 4; lastKnownFileType = file.xib; path = galleryAlbum.xib; sourceTree = "<group>"; };
		36F2CE931C565DD600D0D2D6 /* team.xib */ = {isa = PBXFileReference; fileEncoding = 4; lastKnownFileType = file.xib; path = team.xib; sourceTree = "<group>"; };
		36F2CE951C565DE100D0D2D6 /* team.swift */ = {isa = PBXFileReference; fileEncoding = 4; lastKnownFileType = sourcecode.swift; path = team.swift; sourceTree = "<group>"; };
		36F2CE981C5739F400D0D2D6 /* media.swift */ = {isa = PBXFileReference; fileEncoding = 4; lastKnownFileType = sourcecode.swift; path = media.swift; sourceTree = "<group>"; };
		36F2CE9A1C573A2300D0D2D6 /* media.xib */ = {isa = PBXFileReference; fileEncoding = 4; lastKnownFileType = file.xib; path = media.xib; sourceTree = "<group>"; };
		36F2CE9C1C57708C00D0D2D6 /* HomeController.swift */ = {isa = PBXFileReference; fileEncoding = 4; lastKnownFileType = sourcecode.swift; path = HomeController.swift; sourceTree = "<group>"; };
		36F2CE9E1C5770B900D0D2D6 /* ScheduleController.swift */ = {isa = PBXFileReference; fileEncoding = 4; lastKnownFileType = sourcecode.swift; path = ScheduleController.swift; sourceTree = "<group>"; };
		36F2CEA01C5770D400D0D2D6 /* GalleryController.swift */ = {isa = PBXFileReference; fileEncoding = 4; lastKnownFileType = sourcecode.swift; path = GalleryController.swift; sourceTree = "<group>"; };
		36F2CEA21C5770E400D0D2D6 /* GalleryInsideController.swift */ = {isa = PBXFileReference; fileEncoding = 4; lastKnownFileType = sourcecode.swift; path = GalleryInsideController.swift; sourceTree = "<group>"; };
		36F2CEA41C5770FE00D0D2D6 /* GalleryInside2Controller.swift */ = {isa = PBXFileReference; fileEncoding = 4; lastKnownFileType = sourcecode.swift; path = GalleryInside2Controller.swift; sourceTree = "<group>"; };
		36F2CEA61C57711E00D0D2D6 /* NewsController.swift */ = {isa = PBXFileReference; fileEncoding = 4; lastKnownFileType = sourcecode.swift; path = NewsController.swift; sourceTree = "<group>"; };
		36F2CEA81C57712A00D0D2D6 /* NewsInsideController.swift */ = {isa = PBXFileReference; fileEncoding = 4; lastKnownFileType = sourcecode.swift; path = NewsInsideController.swift; sourceTree = "<group>"; };
		36F2CEAA1C57718B00D0D2D6 /* KnowTeamController.swift */ = {isa = PBXFileReference; fileEncoding = 4; lastKnownFileType = sourcecode.swift; path = KnowTeamController.swift; sourceTree = "<group>"; };
		36F2CEAC1C5771AE00D0D2D6 /* KvowTeamInsideController.swift */ = {isa = PBXFileReference; fileEncoding = 4; lastKnownFileType = sourcecode.swift; path = KvowTeamInsideController.swift; sourceTree = "<group>"; };
		36F2CEAE1C5771D800D0D2D6 /* MerchandiseController.swift */ = {isa = PBXFileReference; fileEncoding = 4; lastKnownFileType = sourcecode.swift; path = MerchandiseController.swift; sourceTree = "<group>"; };
		36F2CEB01C5771F200D0D2D6 /* WallpaperController.swift */ = {isa = PBXFileReference; fileEncoding = 4; lastKnownFileType = sourcecode.swift; path = WallpaperController.swift; sourceTree = "<group>"; };
		36F2CEB21C57720600D0D2D6 /* WallpaperInsideController.swift */ = {isa = PBXFileReference; fileEncoding = 4; lastKnownFileType = sourcecode.swift; path = WallpaperInsideController.swift; sourceTree = "<group>"; };
		36F2CEB41C57721800D0D2D6 /* PointTableController.swift */ = {isa = PBXFileReference; fileEncoding = 4; lastKnownFileType = sourcecode.swift; path = PointTableController.swift; sourceTree = "<group>"; };
		36F2CEB61C57722B00D0D2D6 /* AboutController.swift */ = {isa = PBXFileReference; fileEncoding = 4; lastKnownFileType = sourcecode.swift; path = AboutController.swift; sourceTree = "<group>"; };
		36F9C15C1C55EDBF003D02AB /* JPP.app */ = {isa = PBXFileReference; explicitFileType = wrapper.application; includeInIndex = 0; path = JPP.app; sourceTree = BUILT_PRODUCTS_DIR; };
		36F9C15F1C55EDBF003D02AB /* AppDelegate.swift */ = {isa = PBXFileReference; lastKnownFileType = sourcecode.swift; path = AppDelegate.swift; sourceTree = "<group>"; };
		36F9C1641C55EDBF003D02AB /* Base */ = {isa = PBXFileReference; lastKnownFileType = file.storyboard; name = Base; path = Base.lproj/Main.storyboard; sourceTree = "<group>"; };
		36F9C1661C55EDBF003D02AB /* Assets.xcassets */ = {isa = PBXFileReference; lastKnownFileType = folder.assetcatalog; path = Assets.xcassets; sourceTree = "<group>"; };
		36F9C1691C55EDBF003D02AB /* Base */ = {isa = PBXFileReference; lastKnownFileType = file.storyboard; name = Base; path = Base.lproj/LaunchScreen.storyboard; sourceTree = "<group>"; };
		36F9C16B1C55EDBF003D02AB /* Info.plist */ = {isa = PBXFileReference; lastKnownFileType = text.plist.xml; path = Info.plist; sourceTree = "<group>"; };
		36F9C1721C55F948003D02AB /* SlideMenuController.swift */ = {isa = PBXFileReference; fileEncoding = 4; lastKnownFileType = sourcecode.swift; path = SlideMenuController.swift; sourceTree = "<group>"; };
		36F9C1801C5605B9003D02AB /* UIViewControllerExtension.swift */ = {isa = PBXFileReference; fileEncoding = 4; lastKnownFileType = sourcecode.swift; path = UIViewControllerExtension.swift; sourceTree = "<group>"; };
		36F9C1821C5616B1003D02AB /* Layout.swift */ = {isa = PBXFileReference; fileEncoding = 4; lastKnownFileType = sourcecode.swift; path = Layout.swift; sourceTree = "<group>"; };
		36F9C1881C561722003D02AB /* schedule.xib */ = {isa = PBXFileReference; fileEncoding = 4; lastKnownFileType = file.xib; path = schedule.xib; sourceTree = "<group>"; };
		36F9C18B1C561759003D02AB /* schedule.swift */ = {isa = PBXFileReference; fileEncoding = 4; lastKnownFileType = sourcecode.swift; path = schedule.swift; sourceTree = "<group>"; };
		36F9C18E1C562837003D02AB /* Oswald-Bold.ttf */ = {isa = PBXFileReference; lastKnownFileType = file; path = "Oswald-Bold.ttf"; sourceTree = "<group>"; };
		36F9C18F1C562837003D02AB /* Oswald-Light.ttf */ = {isa = PBXFileReference; lastKnownFileType = file; path = "Oswald-Light.ttf"; sourceTree = "<group>"; };
		36F9C1901C562837003D02AB /* Oswald-Regular.ttf */ = {isa = PBXFileReference; lastKnownFileType = file; path = "Oswald-Regular.ttf"; sourceTree = "<group>"; };
		36F9C1911C562837003D02AB /* voyagefant_0.ttf */ = {isa = PBXFileReference; lastKnownFileType = file; path = voyagefant_0.ttf; sourceTree = "<group>"; };
		36F9C1921C562837003D02AB /* voyagefant3d.ttf */ = {isa = PBXFileReference; lastKnownFileType = file; path = voyagefant3d.ttf; sourceTree = "<group>"; };
		36F9C1931C562837003D02AB /* voyagefantacad.ttf */ = {isa = PBXFileReference; lastKnownFileType = file; path = voyagefantacad.ttf; sourceTree = "<group>"; };
		36F9C1941C562837003D02AB /* voyagefantcond.ttf */ = {isa = PBXFileReference; lastKnownFileType = file; path = voyagefantcond.ttf; sourceTree = "<group>"; };
		36F9C1951C562837003D02AB /* voyagefantexpand.ttf */ = {isa = PBXFileReference; lastKnownFileType = file; path = voyagefantexpand.ttf; sourceTree = "<group>"; };
		36F9C1961C562837003D02AB /* voyagefantgchrome.ttf */ = {isa = PBXFileReference; lastKnownFileType = file; path = voyagefantgchrome.ttf; sourceTree = "<group>"; };
		36F9C1971C562837003D02AB /* voyagefantgrad.ttf */ = {isa = PBXFileReference; lastKnownFileType = file; path = voyagefantgrad.ttf; sourceTree = "<group>"; };
		36F9C1981C562837003D02AB /* voyagefanthalf.ttf */ = {isa = PBXFileReference; lastKnownFileType = file; path = voyagefanthalf.ttf; sourceTree = "<group>"; };
		36F9C1991C562837003D02AB /* voyagefanthplat.ttf */ = {isa = PBXFileReference; lastKnownFileType = file; path = voyagefanthplat.ttf; sourceTree = "<group>"; };
		36F9C19A1C562837003D02AB /* voyagefantlaser.ttf */ = {isa = PBXFileReference; lastKnownFileType = file; path = voyagefantlaser.ttf; sourceTree = "<group>"; };
		36F9C19B1C562837003D02AB /* voyagefantstraight.ttf */ = {isa = PBXFileReference; lastKnownFileType = file; path = voyagefantstraight.ttf; sourceTree = "<group>"; };
		36F9C19C1C562837003D02AB /* voyagefantstraightleft.ttf */ = {isa = PBXFileReference; lastKnownFileType = file; path = voyagefantstraightleft.ttf; sourceTree = "<group>"; };
		36F9C1AD1C5643DF003D02AB /* news.swift */ = {isa = PBXFileReference; fileEncoding = 4; lastKnownFileType = sourcecode.swift; path = news.swift; sourceTree = "<group>"; };
		36F9C1AF1C5643E8003D02AB /* news.xib */ = {isa = PBXFileReference; fileEncoding = 4; lastKnownFileType = file.xib; path = news.xib; sourceTree = "<group>"; };
		36F9C1B21C564D14003D02AB /* table.xib */ = {isa = PBXFileReference; fileEncoding = 4; lastKnownFileType = file.xib; path = table.xib; sourceTree = "<group>"; };
		36F9C1B41C564EF4003D02AB /* table.swift */ = {isa = PBXFileReference; fileEncoding = 4; lastKnownFileType = sourcecode.swift; path = table.swift; sourceTree = "<group>"; };
		36F9C1B81C5653E5003D02AB /* matches.swift */ = {isa = PBXFileReference; fileEncoding = 4; lastKnownFileType = sourcecode.swift; path = matches.swift; sourceTree = "<group>"; };
		36F9C1BA1C5653EF003D02AB /* matches.xib */ = {isa = PBXFileReference; fileEncoding = 4; lastKnownFileType = file.xib; path = matches.xib; sourceTree = "<group>"; };
		36FF12761C59319900E0F990 /* RestApi.swift */ = {isa = PBXFileReference; fileEncoding = 4; lastKnownFileType = sourcecode.swift; path = RestApi.swift; sourceTree = "<group>"; };
		7809A3C31C64BFB900562E6A /* fanCorner.xib */ = {isa = PBXFileReference; fileEncoding = 4; lastKnownFileType = file.xib; path = fanCorner.xib; sourceTree = "<group>"; };
		7809A3C51C64BFCB00562E6A /* fanCorner.swift */ = {isa = PBXFileReference; fileEncoding = 4; lastKnownFileType = sourcecode.swift; path = fanCorner.swift; sourceTree = "<group>"; };
		78238FE11C57A77E0067E7D5 /* about.swift */ = {isa = PBXFileReference; fileEncoding = 4; lastKnownFileType = sourcecode.swift; path = about.swift; sourceTree = "<group>"; };
		78238FE31C57A7890067E7D5 /* about.xib */ = {isa = PBXFileReference; fileEncoding = 4; lastKnownFileType = file.xib; path = about.xib; sourceTree = "<group>"; };
		78238FE61C57AC170067E7D5 /* trapezium.xib */ = {isa = PBXFileReference; fileEncoding = 4; lastKnownFileType = file.xib; path = trapezium.xib; sourceTree = "<group>"; };
		78238FE81C57AC350067E7D5 /* trapezium.swift */ = {isa = PBXFileReference; fileEncoding = 4; lastKnownFileType = sourcecode.swift; path = trapezium.swift; sourceTree = "<group>"; };
		87466C106F929A2F048F5460 /* Pods.release.xcconfig */ = {isa = PBXFileReference; includeInIndex = 1; lastKnownFileType = text.xcconfig; name = Pods.release.xcconfig; path = "Pods/Target Support Files/Pods/Pods.release.xcconfig"; sourceTree = "<group>"; };
		AADCA4CCFDB108A580EB8D69 /* Pods.framework */ = {isa = PBXFileReference; explicitFileType = wrapper.framework; includeInIndex = 0; path = Pods.framework; sourceTree = BUILT_PRODUCTS_DIR; };
		C23892D71C58C6EE00CA4DC1 /* thumbnailImage.xib */ = {isa = PBXFileReference; fileEncoding = 4; lastKnownFileType = file.xib; path = thumbnailImage.xib; sourceTree = "<group>"; };
		C23892D91C58C92700CA4DC1 /* thumbnailImage.swift */ = {isa = PBXFileReference; fileEncoding = 4; lastKnownFileType = sourcecode.swift; path = thumbnailImage.swift; sourceTree = "<group>"; };
		C263D49B1C68688100837BA8 /* FanCornerController.swift */ = {isa = PBXFileReference; fileEncoding = 4; lastKnownFileType = sourcecode.swift; path = FanCornerController.swift; sourceTree = "<group>"; };
		C28B79F01C58DAC2001C4474 /* newsDetail.xib */ = {isa = PBXFileReference; fileEncoding = 4; lastKnownFileType = file.xib; path = newsDetail.xib; sourceTree = "<group>"; };
		C28B79F21C58DF47001C4474 /* newsDetail.swift */ = {isa = PBXFileReference; fileEncoding = 4; lastKnownFileType = sourcecode.swift; path = newsDetail.swift; sourceTree = "<group>"; };
		C29C75931C5A38BF0091FF6E /* TeamPlayers.swift */ = {isa = PBXFileReference; fileEncoding = 4; lastKnownFileType = sourcecode.swift; path = TeamPlayers.swift; sourceTree = "<group>"; };
		C2F0A10B1C69AFE400345A36 /* doneMatch.xib */ = {isa = PBXFileReference; fileEncoding = 4; lastKnownFileType = file.xib; path = doneMatch.xib; sourceTree = "<group>"; };
		C2F0A10D1C69B78500345A36 /* kenyanbold.ttf */ = {isa = PBXFileReference; lastKnownFileType = file; path = kenyanbold.ttf; sourceTree = "<group>"; };
		C2F0A10E1C69B78500345A36 /* kenyanbolditalic.ttf */ = {isa = PBXFileReference; lastKnownFileType = file; path = kenyanbolditalic.ttf; sourceTree = "<group>"; };
		C2F0A10F1C69B78500345A36 /* kenyanregular.ttf */ = {isa = PBXFileReference; lastKnownFileType = file; path = kenyanregular.ttf; sourceTree = "<group>"; };
		C2F0A1101C69B78500345A36 /* kenyanregularitalic.ttf */ = {isa = PBXFileReference; lastKnownFileType = file; path = kenyanregularitalic.ttf; sourceTree = "<group>"; };
		C2F0A1151C69B8BB00345A36 /* doneMatch.swift */ = {isa = PBXFileReference; fileEncoding = 4; lastKnownFileType = sourcecode.swift; path = doneMatch.swift; sourceTree = "<group>"; };
		C2FF852A1C58D05000F2CFED /* singleThumbnailImage.xib */ = {isa = PBXFileReference; fileEncoding = 4; lastKnownFileType = file.xib; path = singleThumbnailImage.xib; sourceTree = "<group>"; };
		C2FF852C1C58D17A00F2CFED /* singleThumbnailImage.swift */ = {isa = PBXFileReference; fileEncoding = 4; lastKnownFileType = sourcecode.swift; path = singleThumbnailImage.swift; sourceTree = "<group>"; };
		FD4C274A56DABBBF9AF41245 /* Pods_JPP.framework */ = {isa = PBXFileReference; explicitFileType = wrapper.framework; includeInIndex = 0; path = Pods_JPP.framework; sourceTree = BUILT_PRODUCTS_DIR; };
/* End PBXFileReference section */

/* Begin PBXFrameworksBuildPhase section */
		36F9C1591C55EDBF003D02AB /* Frameworks */ = {
			isa = PBXFrameworksBuildPhase;
			buildActionMask = 2147483647;
			files = (
				363609AA1C5C759F00078DC7 /* SystemConfiguration.framework in Frameworks */,
				363609A81C5C755B00078DC7 /* AVFoundation.framework in Frameworks */,
				363609A61C5C750700078DC7 /* ImageIO.framework in Frameworks */,
				363609A41C5C74FE00078DC7 /* MapKit.framework in Frameworks */,
				363609A01C5C749E00078DC7 /* libz.tbd in Frameworks */,
				363609A21C5C74A500078DC7 /* libstdc++.tbd in Frameworks */,
				96117823854BBFB45F51F300 /* Pods.framework in Frameworks */,
				3636099B1C5C740800078DC7 /* Pushwoosh.framework in Frameworks */,
				3CD47F20EEDEDD9528BA0932 /* Pods_JPP.framework in Frameworks */,
			);
			runOnlyForDeploymentPostprocessing = 0;
		};
/* End PBXFrameworksBuildPhase section */

/* Begin PBXGroup section */
		360A50FF1C579A80001F7E40 /* playerInside */ = {
			isa = PBXGroup;
			children = (
				360A51001C579AAD001F7E40 /* playerInside.swift */,
				360A51021C579ACB001F7E40 /* playerInside.xib */,
			);
			name = playerInside;
			sourceTree = "<group>";
		};
		362A17591C58AA1400B11F22 /* tableTrap */ = {
			isa = PBXGroup;
			children = (
				362A175A1C58AA3C00B11F22 /* team2.xib */,
				362A175C1C58AA6500B11F22 /* team2.swift */,
			);
			name = tableTrap;
			sourceTree = "<group>";
		};
		366F19DA1C58F4FB00321669 /* bookTicket */ = {
			isa = PBXGroup;
			children = (
				366F19DB1C58F52600321669 /* bookTicket.swift */,
				366F19DD1C58F55800321669 /* bookTicket.xib */,
			);
			name = bookTicket;
			sourceTree = "<group>";
		};
		3685BD401C5A160700BC44D0 /* upcoming */ = {
			isa = PBXGroup;
			children = (
				3685BD411C5A163000BC44D0 /* upcoming.xib */,
				3685BD431C5A164B00BC44D0 /* upcoming.swift */,
			);
			name = upcoming;
			sourceTree = "<group>";
		};
		36B957821C5A807000AEC0D3 /* loading */ = {
			isa = PBXGroup;
			children = (
				36B957831C5A808B00AEC0D3 /* loading.swift */,
				36B957851C5A809500AEC0D3 /* loading.xib */,
			);
			name = loading;
			sourceTree = "<group>";
		};
		36F2CE881C56560700D0D2D6 /* player */ = {
			isa = PBXGroup;
			children = (
				36F2CE891C56561300D0D2D6 /* player.xib */,
				36F2CE8B1C56561F00D0D2D6 /* player.swift */,
			);
			name = player;
			sourceTree = "<group>";
		};
		36F2CE8D1C56582C00D0D2D6 /* galleryAlbum */ = {
			isa = PBXGroup;
			children = (
				36F2CE8E1C56584400D0D2D6 /* galleryAlbum.swift */,
				36F2CE901C56585100D0D2D6 /* galleryAlbum.xib */,
			);
			name = galleryAlbum;
			sourceTree = "<group>";
		};
		36F2CE921C565DCC00D0D2D6 /* team */ = {
			isa = PBXGroup;
			children = (
				36F2CE931C565DD600D0D2D6 /* team.xib */,
				36F2CE951C565DE100D0D2D6 /* team.swift */,
			);
			name = team;
			sourceTree = "<group>";
		};
		36F2CE971C5739E400D0D2D6 /* media */ = {
			isa = PBXGroup;
			children = (
				78F3D7651C5B77E4001521F9 /* loader */,
				36F2CE981C5739F400D0D2D6 /* media.swift */,
				36F2CE9A1C573A2300D0D2D6 /* media.xib */,
			);
			name = media;
			sourceTree = "<group>";
		};
		36F9C1531C55EDBF003D02AB = {
			isa = PBXGroup;
			children = (
				36F9C15E1C55EDBF003D02AB /* JPP */,
				36F9C15D1C55EDBF003D02AB /* Products */,
				7374A501506FC75F34C48ADE /* Pods */,
				7283620D2DBE0A487EB4AD33 /* Frameworks */,
			);
			sourceTree = "<group>";
		};
		36F9C15D1C55EDBF003D02AB /* Products */ = {
			isa = PBXGroup;
			children = (
				36F9C15C1C55EDBF003D02AB /* JPP.app */,
			);
			name = Products;
			sourceTree = "<group>";
		};
		36F9C15E1C55EDBF003D02AB /* JPP */ = {
			isa = PBXGroup;
			children = (
				36F9C15F1C55EDBF003D02AB /* AppDelegate.swift */,
				36F9C1711C55F935003D02AB /* Helper */,
				36F9C1861C5616E4003D02AB /* Controller */,
				36F9C1841C5616C6003D02AB /* Views */,
				36F9C1871C5616FC003D02AB /* StoryBoards */,
				36FF12751C59317E00E0F990 /* Model */,
				36F9C18D1C56282B003D02AB /* Fonts */,
				36F9C1661C55EDBF003D02AB /* Assets.xcassets */,
				36F9C16B1C55EDBF003D02AB /* Info.plist */,
				3636099C1C5C741A00078DC7 /* JPP-Bridging-Header.h */,
			);
			path = JPP;
			sourceTree = "<group>";
		};
		36F9C1711C55F935003D02AB /* Helper */ = {
			isa = PBXGroup;
			children = (
				36F9C1801C5605B9003D02AB /* UIViewControllerExtension.swift */,
				36F9C1821C5616B1003D02AB /* Layout.swift */,
				36F9C1721C55F948003D02AB /* SlideMenuController.swift */,
			);
			name = Helper;
			sourceTree = "<group>";
		};
		36F9C1841C5616C6003D02AB /* Views */ = {
			isa = PBXGroup;
			children = (
				C2F0A10A1C69AFCA00345A36 /* doneMatch */,
				7809A3C21C64BF9000562E6A /* fanCorner */,
				36B957821C5A807000AEC0D3 /* loading */,
				3685BD401C5A160700BC44D0 /* upcoming */,
				366F19DA1C58F4FB00321669 /* bookTicket */,
				C28B79EF1C58DAB2001C4474 /* newsDetail */,
				C2FF85291C58D03600F2CFED /* singleThumbnailImage */,
				C23892D61C58C69200CA4DC1 /* thumbnailImage */,
				360A50FF1C579A80001F7E40 /* playerInside */,
				36F2CE971C5739E400D0D2D6 /* media */,
				362A17591C58AA1400B11F22 /* tableTrap */,
				36F2CE921C565DCC00D0D2D6 /* team */,
				36F2CE8D1C56582C00D0D2D6 /* galleryAlbum */,
				36F2CE881C56560700D0D2D6 /* player */,
				36F9C1B71C5653B0003D02AB /* matches */,
				36F9C1B11C564CF3003D02AB /* table */,
				78238FE51C57AB390067E7D5 /* trapezium */,
				78238FE01C57A70B0067E7D5 /* about */,
				36F9C1AC1C5643C6003D02AB /* news */,
				36F9C18A1C561740003D02AB /* schedule */,
			);
			name = Views;
			sourceTree = "<group>";
		};
		36F9C1861C5616E4003D02AB /* Controller */ = {
			isa = PBXGroup;
			children = (
				36F2CE9C1C57708C00D0D2D6 /* HomeController.swift */,
				360A50FD1C577A05001F7E40 /* SideMenuController.swift */,
				36F2CE9E1C5770B900D0D2D6 /* ScheduleController.swift */,
				36F2CEA01C5770D400D0D2D6 /* GalleryController.swift */,
				36F2CEA21C5770E400D0D2D6 /* GalleryInsideController.swift */,
				36F2CEA41C5770FE00D0D2D6 /* GalleryInside2Controller.swift */,
				36F2CEA61C57711E00D0D2D6 /* NewsController.swift */,
				36F2CEA81C57712A00D0D2D6 /* NewsInsideController.swift */,
				36F2CEAA1C57718B00D0D2D6 /* KnowTeamController.swift */,
				36F2CEAC1C5771AE00D0D2D6 /* KvowTeamInsideController.swift */,
				36F2CEAE1C5771D800D0D2D6 /* MerchandiseController.swift */,
				36F2CEB01C5771F200D0D2D6 /* WallpaperController.swift */,
				366F19D61C58EFBD00321669 /* WebController.swift */,
				36AD11BC1C5BA33F005DD9F1 /* AllWebViewController.swift */,
				36B789781C5A70380098C426 /* VideoPlayController.swift */,
				366F19D81C58F32700321669 /* BookTicketController.swift */,
				36F2CEB21C57720600D0D2D6 /* WallpaperInsideController.swift */,
				36F2CEB41C57721800D0D2D6 /* PointTableController.swift */,
				36F2CEB61C57722B00D0D2D6 /* AboutController.swift */,
				C263D49B1C68688100837BA8 /* FanCornerController.swift */,
			);
			name = Controller;
			sourceTree = "<group>";
		};
		36F9C1871C5616FC003D02AB /* StoryBoards */ = {
			isa = PBXGroup;
			children = (
				36F9C1631C55EDBF003D02AB /* Main.storyboard */,
				36F9C1681C55EDBF003D02AB /* LaunchScreen.storyboard */,
			);
			name = StoryBoards;
			sourceTree = "<group>";
		};
		36F9C18A1C561740003D02AB /* schedule */ = {
			isa = PBXGroup;
			children = (
				36F9C1881C561722003D02AB /* schedule.xib */,
				36F9C18B1C561759003D02AB /* schedule.swift */,
			);
			name = schedule;
			sourceTree = "<group>";
		};
		36F9C18D1C56282B003D02AB /* Fonts */ = {
			isa = PBXGroup;
			children = (
				36F9C18E1C562837003D02AB /* Oswald-Bold.ttf */,
				36F9C18F1C562837003D02AB /* Oswald-Light.ttf */,
				36F9C1901C562837003D02AB /* Oswald-Regular.ttf */,
				36F9C1911C562837003D02AB /* voyagefant_0.ttf */,
				36F9C1921C562837003D02AB /* voyagefant3d.ttf */,
				36F9C1931C562837003D02AB /* voyagefantacad.ttf */,
				C2F0A10D1C69B78500345A36 /* kenyanbold.ttf */,
				C2F0A10E1C69B78500345A36 /* kenyanbolditalic.ttf */,
				C2F0A10F1C69B78500345A36 /* kenyanregular.ttf */,
				C2F0A1101C69B78500345A36 /* kenyanregularitalic.ttf */,
				36F9C1941C562837003D02AB /* voyagefantcond.ttf */,
				36F9C1951C562837003D02AB /* voyagefantexpand.ttf */,
				36F9C1961C562837003D02AB /* voyagefantgchrome.ttf */,
				36F9C1971C562837003D02AB /* voyagefantgrad.ttf */,
				36F9C1981C562837003D02AB /* voyagefanthalf.ttf */,
				36F9C1991C562837003D02AB /* voyagefanthplat.ttf */,
				36F9C19A1C562837003D02AB /* voyagefantlaser.ttf */,
				36F9C19B1C562837003D02AB /* voyagefantstraight.ttf */,
				36F9C19C1C562837003D02AB /* voyagefantstraightleft.ttf */,
			);
			name = Fonts;
			sourceTree = "<group>";
		};
		36F9C1AC1C5643C6003D02AB /* news */ = {
			isa = PBXGroup;
			children = (
				36F9C1AF1C5643E8003D02AB /* news.xib */,
				36F9C1AD1C5643DF003D02AB /* news.swift */,
			);
			name = news;
			sourceTree = "<group>";
		};
		36F9C1B11C564CF3003D02AB /* table */ = {
			isa = PBXGroup;
			children = (
				36F9C1B21C564D14003D02AB /* table.xib */,
				36F9C1B41C564EF4003D02AB /* table.swift */,
			);
			name = table;
			sourceTree = "<group>";
		};
		36F9C1B71C5653B0003D02AB /* matches */ = {
			isa = PBXGroup;
			children = (
				36F9C1B81C5653E5003D02AB /* matches.swift */,
				36F9C1BA1C5653EF003D02AB /* matches.xib */,
			);
			name = matches;
			sourceTree = "<group>";
		};
		36FF12751C59317E00E0F990 /* Model */ = {
			isa = PBXGroup;
			children = (
				36FF12761C59319900E0F990 /* RestApi.swift */,
				C29C75931C5A38BF0091FF6E /* TeamPlayers.swift */,
			);
			name = Model;
			sourceTree = "<group>";
		};
		7283620D2DBE0A487EB4AD33 /* Frameworks */ = {
			isa = PBXGroup;
			children = (
				3636099A1C5C740800078DC7 /* Pushwoosh.framework */,
				363609A91C5C759F00078DC7 /* SystemConfiguration.framework */,
				363609A71C5C755B00078DC7 /* AVFoundation.framework */,
				363609A51C5C750700078DC7 /* ImageIO.framework */,
				363609A31C5C74FE00078DC7 /* MapKit.framework */,
				363609A11C5C74A500078DC7 /* libstdc++.tbd */,
				3636099F1C5C749E00078DC7 /* libz.tbd */,
				AADCA4CCFDB108A580EB8D69 /* Pods.framework */,
				FD4C274A56DABBBF9AF41245 /* Pods_JPP.framework */,
			);
			name = Frameworks;
			sourceTree = "<group>";
		};
		7374A501506FC75F34C48ADE /* Pods */ = {
			isa = PBXGroup;
			children = (
				2D336F626161773594C67CC5 /* Pods.debug.xcconfig */,
				87466C106F929A2F048F5460 /* Pods.release.xcconfig */,
			);
			name = Pods;
			sourceTree = "<group>";
		};
		7809A3C21C64BF9000562E6A /* fanCorner */ = {
			isa = PBXGroup;
			children = (
				7809A3C31C64BFB900562E6A /* fanCorner.xib */,
				7809A3C51C64BFCB00562E6A /* fanCorner.swift */,
			);
			name = fanCorner;
			sourceTree = "<group>";
		};
		78238FE01C57A70B0067E7D5 /* about */ = {
			isa = PBXGroup;
			children = (
				78238FE11C57A77E0067E7D5 /* about.swift */,
				78238FE31C57A7890067E7D5 /* about.xib */,
			);
			name = about;
			sourceTree = "<group>";
		};
		78238FE51C57AB390067E7D5 /* trapezium */ = {
			isa = PBXGroup;
			children = (
				78238FE61C57AC170067E7D5 /* trapezium.xib */,
				78238FE81C57AC350067E7D5 /* trapezium.swift */,
			);
			name = trapezium;
			sourceTree = "<group>";
		};
		78F3D7651C5B77E4001521F9 /* loader */ = {
			isa = PBXGroup;
			children = (
			);
			name = loader;
			sourceTree = "<group>";
		};
		C23892D61C58C69200CA4DC1 /* thumbnailImage */ = {
			isa = PBXGroup;
			children = (
				C23892D71C58C6EE00CA4DC1 /* thumbnailImage.xib */,
				C23892D91C58C92700CA4DC1 /* thumbnailImage.swift */,
			);
			name = thumbnailImage;
			sourceTree = "<group>";
		};
		C28B79EF1C58DAB2001C4474 /* newsDetail */ = {
			isa = PBXGroup;
			children = (
				C28B79F01C58DAC2001C4474 /* newsDetail.xib */,
				C28B79F21C58DF47001C4474 /* newsDetail.swift */,
			);
			name = newsDetail;
			sourceTree = "<group>";
		};
		C2F0A10A1C69AFCA00345A36 /* doneMatch */ = {
			isa = PBXGroup;
			children = (
				C2F0A10B1C69AFE400345A36 /* doneMatch.xib */,
				C2F0A1151C69B8BB00345A36 /* doneMatch.swift */,
			);
			name = doneMatch;
			sourceTree = "<group>";
		};
		C2FF85291C58D03600F2CFED /* singleThumbnailImage */ = {
			isa = PBXGroup;
			children = (
				C2FF852A1C58D05000F2CFED /* singleThumbnailImage.xib */,
				C2FF852C1C58D17A00F2CFED /* singleThumbnailImage.swift */,
			);
			name = singleThumbnailImage;
			sourceTree = "<group>";
		};
/* End PBXGroup section */

/* Begin PBXNativeTarget section */
		36F9C15B1C55EDBF003D02AB /* JPP */ = {
			isa = PBXNativeTarget;
			buildConfigurationList = 36F9C16E1C55EDBF003D02AB /* Build configuration list for PBXNativeTarget "JPP" */;
			buildPhases = (
				DE2348DFBF3CE8843148FD14 /* Check Pods Manifest.lock */,
				36F9C1581C55EDBF003D02AB /* Sources */,
				36F9C1591C55EDBF003D02AB /* Frameworks */,
				36F9C15A1C55EDBF003D02AB /* Resources */,
				C0DE3AFDE990F334F4DF17B8 /* Embed Pods Frameworks */,
				414212D8759A6DEC5CD87615 /* Copy Pods Resources */,
			);
			buildRules = (
			);
			dependencies = (
			);
			name = JPP;
			productName = JPP;
			productReference = 36F9C15C1C55EDBF003D02AB /* JPP.app */;
			productType = "com.apple.product-type.application";
		};
/* End PBXNativeTarget section */

/* Begin PBXProject section */
		36F9C1541C55EDBF003D02AB /* Project object */ = {
			isa = PBXProject;
			attributes = {
				LastSwiftUpdateCheck = 0720;
				LastUpgradeCheck = 0720;
				ORGANIZATIONNAME = "Wohlig Technology";
				TargetAttributes = {
					36F9C15B1C55EDBF003D02AB = {
						CreatedOnToolsVersion = 7.2;
						DevelopmentTeam = YVWVDTRG4B;
						SystemCapabilities = {
							com.apple.Push = {
								enabled = 1;
							};
						};
					};
				};
			};
			buildConfigurationList = 36F9C1571C55EDBF003D02AB /* Build configuration list for PBXProject "JPP" */;
			compatibilityVersion = "Xcode 3.2";
			developmentRegion = English;
			hasScannedForEncodings = 0;
			knownRegions = (
				en,
				Base,
			);
			mainGroup = 36F9C1531C55EDBF003D02AB;
			productRefGroup = 36F9C15D1C55EDBF003D02AB /* Products */;
			projectDirPath = "";
			projectRoot = "";
			targets = (
				36F9C15B1C55EDBF003D02AB /* JPP */,
			);
		};
/* End PBXProject section */

/* Begin PBXResourcesBuildPhase section */
		36F9C15A1C55EDBF003D02AB /* Resources */ = {
			isa = PBXResourcesBuildPhase;
			buildActionMask = 2147483647;
			files = (
				36F9C19D1C5641BB003D02AB /* Oswald-Bold.ttf in Resources */,
				36F9C19E1C5641BB003D02AB /* Oswald-Light.ttf in Resources */,
				36F9C19F1C5641BB003D02AB /* Oswald-Regular.ttf in Resources */,
				C23892D81C58C6EE00CA4DC1 /* thumbnailImage.xib in Resources */,
				36F9C1A01C5641BB003D02AB /* voyagefant_0.ttf in Resources */,
				C2F0A10C1C69AFE400345A36 /* doneMatch.xib in Resources */,
				36F9C1A11C5641BB003D02AB /* voyagefant3d.ttf in Resources */,
				366F19DE1C58F55800321669 /* bookTicket.xib in Resources */,
				36F2CE941C565DD600D0D2D6 /* team.xib in Resources */,
				78238FE71C57AC170067E7D5 /* trapezium.xib in Resources */,
				36F9C1A21C5641BB003D02AB /* voyagefantacad.ttf in Resources */,
				36F9C1A31C5641BB003D02AB /* voyagefantcond.ttf in Resources */,
				36F9C1A41C5641BB003D02AB /* voyagefantexpand.ttf in Resources */,
				C2F0A1131C69B78500345A36 /* kenyanregular.ttf in Resources */,
				36F9C1A51C5641BB003D02AB /* voyagefantgchrome.ttf in Resources */,
				36F2CE9B1C573A2300D0D2D6 /* media.xib in Resources */,
				C2F0A1111C69B78500345A36 /* kenyanbold.ttf in Resources */,
				36F2CE8A1C56561300D0D2D6 /* player.xib in Resources */,
				360A51031C579ACB001F7E40 /* playerInside.xib in Resources */,
				36F9C1BB1C5653EF003D02AB /* matches.xib in Resources */,
				36F9C1A61C5641BB003D02AB /* voyagefantgrad.ttf in Resources */,
				36F9C1B01C5643E8003D02AB /* news.xib in Resources */,
				C2FF852B1C58D05000F2CFED /* singleThumbnailImage.xib in Resources */,
				C28B79F11C58DAC2001C4474 /* newsDetail.xib in Resources */,
				362A175B1C58AA3C00B11F22 /* team2.xib in Resources */,
				36F9C1A71C5641BB003D02AB /* voyagefanthalf.ttf in Resources */,
				3685BD421C5A163000BC44D0 /* upcoming.xib in Resources */,
				36F9C1A81C5641BB003D02AB /* voyagefanthplat.ttf in Resources */,
				36F9C1A91C5641BB003D02AB /* voyagefantlaser.ttf in Resources */,
				36F9C1AA1C5641BB003D02AB /* voyagefantstraight.ttf in Resources */,
				C2F0A1121C69B78500345A36 /* kenyanbolditalic.ttf in Resources */,
				36F9C1AB1C5641BB003D02AB /* voyagefantstraightleft.ttf in Resources */,
				78238FE41C57A7890067E7D5 /* about.xib in Resources */,
				36F2CE911C56585100D0D2D6 /* galleryAlbum.xib in Resources */,
				36B957861C5A809500AEC0D3 /* loading.xib in Resources */,
				36F9C16A1C55EDBF003D02AB /* LaunchScreen.storyboard in Resources */,
				36F9C1B31C564D14003D02AB /* table.xib in Resources */,
				36F9C1671C55EDBF003D02AB /* Assets.xcassets in Resources */,
				36F9C1891C561722003D02AB /* schedule.xib in Resources */,
				36F9C1651C55EDBF003D02AB /* Main.storyboard in Resources */,
				7809A3C41C64BFB900562E6A /* fanCorner.xib in Resources */,
				C2F0A1141C69B78500345A36 /* kenyanregularitalic.ttf in Resources */,
			);
			runOnlyForDeploymentPostprocessing = 0;
		};
/* End PBXResourcesBuildPhase section */

/* Begin PBXShellScriptBuildPhase section */
		414212D8759A6DEC5CD87615 /* Copy Pods Resources */ = {
			isa = PBXShellScriptBuildPhase;
			buildActionMask = 2147483647;
			files = (
			);
			inputPaths = (
			);
			name = "Copy Pods Resources";
			outputPaths = (
			);
			runOnlyForDeploymentPostprocessing = 0;
			shellPath = /bin/sh;
			shellScript = "\"${SRCROOT}/Pods/Target Support Files/Pods/Pods-resources.sh\"\n";
			showEnvVarsInLog = 0;
		};
		C0DE3AFDE990F334F4DF17B8 /* Embed Pods Frameworks */ = {
			isa = PBXShellScriptBuildPhase;
			buildActionMask = 2147483647;
			files = (
			);
			inputPaths = (
			);
			name = "Embed Pods Frameworks";
			outputPaths = (
			);
			runOnlyForDeploymentPostprocessing = 0;
			shellPath = /bin/sh;
			shellScript = "\"${SRCROOT}/Pods/Target Support Files/Pods-JPP/Pods-JPP-frameworks.sh\"\n";
			showEnvVarsInLog = 0;
		};
		DE2348DFBF3CE8843148FD14 /* Check Pods Manifest.lock */ = {
			isa = PBXShellScriptBuildPhase;
			buildActionMask = 2147483647;
			files = (
			);
			inputPaths = (
			);
			name = "Check Pods Manifest.lock";
			outputPaths = (
			);
			runOnlyForDeploymentPostprocessing = 0;
			shellPath = /bin/sh;
			shellScript = "diff \"${PODS_ROOT}/../Podfile.lock\" \"${PODS_ROOT}/Manifest.lock\" > /dev/null\nif [[ $? != 0 ]] ; then\n    cat << EOM\nerror: The sandbox is not in sync with the Podfile.lock. Run 'pod install' or update your CocoaPods installation.\nEOM\n    exit 1\nfi\n";
			showEnvVarsInLog = 0;
		};
/* End PBXShellScriptBuildPhase section */

/* Begin PBXSourcesBuildPhase section */
		36F9C1581C55EDBF003D02AB /* Sources */ = {
			isa = PBXSourcesBuildPhase;
			buildActionMask = 2147483647;
			files = (
				36F9C1811C5605B9003D02AB /* UIViewControllerExtension.swift in Sources */,
				36F2CE8F1C56584400D0D2D6 /* galleryAlbum.swift in Sources */,
				36AD11BD1C5BA33F005DD9F1 /* AllWebViewController.swift in Sources */,
				360A51011C579AAD001F7E40 /* playerInside.swift in Sources */,
				36F2CEA91C57712A00D0D2D6 /* NewsInsideController.swift in Sources */,
				366F19D91C58F32700321669 /* BookTicketController.swift in Sources */,
				36F2CEB51C57721800D0D2D6 /* PointTableController.swift in Sources */,
				C2F0A1161C69B8BB00345A36 /* doneMatch.swift in Sources */,
				C28B79F31C58DF47001C4474 /* newsDetail.swift in Sources */,
				36F2CE9F1C5770B900D0D2D6 /* ScheduleController.swift in Sources */,
				36F2CEA51C5770FE00D0D2D6 /* GalleryInside2Controller.swift in Sources */,
				78238FE91C57AC350067E7D5 /* trapezium.swift in Sources */,
				36F2CEAB1C57718B00D0D2D6 /* KnowTeamController.swift in Sources */,
				36F2CE9D1C57708C00D0D2D6 /* HomeController.swift in Sources */,
				36F9C1B91C5653E5003D02AB /* matches.swift in Sources */,
				C263D49C1C68688100837BA8 /* FanCornerController.swift in Sources */,
				36F2CEAF1C5771D800D0D2D6 /* MerchandiseController.swift in Sources */,
				36F2CEA11C5770D400D0D2D6 /* GalleryController.swift in Sources */,
				36F9C1AE1C5643DF003D02AB /* news.swift in Sources */,
				3685BD441C5A164B00BC44D0 /* upcoming.swift in Sources */,
				36F9C18C1C561759003D02AB /* schedule.swift in Sources */,
				360A50FE1C577A05001F7E40 /* SideMenuController.swift in Sources */,
				7809A3C61C64BFCB00562E6A /* fanCorner.swift in Sources */,
				366F19DC1C58F52600321669 /* bookTicket.swift in Sources */,
				366F19D71C58EFBD00321669 /* WebController.swift in Sources */,
				36F2CEB31C57720600D0D2D6 /* WallpaperInsideController.swift in Sources */,
				362A175D1C58AA6500B11F22 /* team2.swift in Sources */,
				36F9C1831C5616B1003D02AB /* Layout.swift in Sources */,
				36B789791C5A70380098C426 /* VideoPlayController.swift in Sources */,
				36F9C1731C55F948003D02AB /* SlideMenuController.swift in Sources */,
				36F2CEB71C57722B00D0D2D6 /* AboutController.swift in Sources */,
				36F2CE991C5739F400D0D2D6 /* media.swift in Sources */,
				36FF12771C59319900E0F990 /* RestApi.swift in Sources */,
				C23892DA1C58C92700CA4DC1 /* thumbnailImage.swift in Sources */,
				36F2CEB11C5771F200D0D2D6 /* WallpaperController.swift in Sources */,
				36F2CEAD1C5771AE00D0D2D6 /* KvowTeamInsideController.swift in Sources */,
				78238FE21C57A77E0067E7D5 /* about.swift in Sources */,
				C29C75941C5A38BF0091FF6E /* TeamPlayers.swift in Sources */,
				36F2CE961C565DE100D0D2D6 /* team.swift in Sources */,
				36F9C1B51C564EF4003D02AB /* table.swift in Sources */,
				36F2CEA31C5770E400D0D2D6 /* GalleryInsideController.swift in Sources */,
				C2FF852D1C58D17A00F2CFED /* singleThumbnailImage.swift in Sources */,
				36B957841C5A808B00AEC0D3 /* loading.swift in Sources */,
				36F2CEA71C57711E00D0D2D6 /* NewsController.swift in Sources */,
				36F2CE8C1C56561F00D0D2D6 /* player.swift in Sources */,
				36F9C1601C55EDBF003D02AB /* AppDelegate.swift in Sources */,
			);
			runOnlyForDeploymentPostprocessing = 0;
		};
/* End PBXSourcesBuildPhase section */

/* Begin PBXVariantGroup section */
		36F9C1631C55EDBF003D02AB /* Main.storyboard */ = {
			isa = PBXVariantGroup;
			children = (
				36F9C1641C55EDBF003D02AB /* Base */,
			);
			name = Main.storyboard;
			sourceTree = "<group>";
		};
		36F9C1681C55EDBF003D02AB /* LaunchScreen.storyboard */ = {
			isa = PBXVariantGroup;
			children = (
				36F9C1691C55EDBF003D02AB /* Base */,
			);
			name = LaunchScreen.storyboard;
			sourceTree = "<group>";
		};
/* End PBXVariantGroup section */

/* Begin XCBuildConfiguration section */
		36F9C16C1C55EDBF003D02AB /* Debug */ = {
			isa = XCBuildConfiguration;
			buildSettings = {
				ALWAYS_SEARCH_USER_PATHS = NO;
				CLANG_CXX_LANGUAGE_STANDARD = "gnu++0x";
				CLANG_CXX_LIBRARY = "libc++";
				CLANG_ENABLE_MODULES = YES;
				CLANG_ENABLE_OBJC_ARC = YES;
				CLANG_WARN_BOOL_CONVERSION = YES;
				CLANG_WARN_CONSTANT_CONVERSION = YES;
				CLANG_WARN_DIRECT_OBJC_ISA_USAGE = YES_ERROR;
				CLANG_WARN_EMPTY_BODY = YES;
				CLANG_WARN_ENUM_CONVERSION = YES;
				CLANG_WARN_INT_CONVERSION = YES;
				CLANG_WARN_OBJC_ROOT_CLASS = YES_ERROR;
				CLANG_WARN_UNREACHABLE_CODE = YES;
				CLANG_WARN__DUPLICATE_METHOD_MATCH = YES;
				"CODE_SIGN_IDENTITY[sdk=iphoneos*]" = "iPhone Developer";
				COPY_PHASE_STRIP = NO;
				DEBUG_INFORMATION_FORMAT = dwarf;
				ENABLE_STRICT_OBJC_MSGSEND = YES;
				ENABLE_TESTABILITY = YES;
				GCC_C_LANGUAGE_STANDARD = gnu99;
				GCC_DYNAMIC_NO_PIC = NO;
				GCC_NO_COMMON_BLOCKS = YES;
				GCC_OPTIMIZATION_LEVEL = 0;
				GCC_PREPROCESSOR_DEFINITIONS = (
					"DEBUG=1",
					"$(inherited)",
				);
				GCC_WARN_64_TO_32_BIT_CONVERSION = YES;
				GCC_WARN_ABOUT_RETURN_TYPE = YES_ERROR;
				GCC_WARN_UNDECLARED_SELECTOR = YES;
				GCC_WARN_UNINITIALIZED_AUTOS = YES_AGGRESSIVE;
				GCC_WARN_UNUSED_FUNCTION = YES;
				GCC_WARN_UNUSED_VARIABLE = YES;
				IPHONEOS_DEPLOYMENT_TARGET = 9.0;
				MTL_ENABLE_DEBUG_INFO = YES;
				ONLY_ACTIVE_ARCH = YES;
				SDKROOT = iphoneos;
				SWIFT_OPTIMIZATION_LEVEL = "-Onone";
				TARGETED_DEVICE_FAMILY = "1,2";
			};
			name = Debug;
		};
		36F9C16D1C55EDBF003D02AB /* Release */ = {
			isa = XCBuildConfiguration;
			buildSettings = {
				ALWAYS_SEARCH_USER_PATHS = NO;
				CLANG_CXX_LANGUAGE_STANDARD = "gnu++0x";
				CLANG_CXX_LIBRARY = "libc++";
				CLANG_ENABLE_MODULES = YES;
				CLANG_ENABLE_OBJC_ARC = YES;
				CLANG_WARN_BOOL_CONVERSION = YES;
				CLANG_WARN_CONSTANT_CONVERSION = YES;
				CLANG_WARN_DIRECT_OBJC_ISA_USAGE = YES_ERROR;
				CLANG_WARN_EMPTY_BODY = YES;
				CLANG_WARN_ENUM_CONVERSION = YES;
				CLANG_WARN_INT_CONVERSION = YES;
				CLANG_WARN_OBJC_ROOT_CLASS = YES_ERROR;
				CLANG_WARN_UNREACHABLE_CODE = YES;
				CLANG_WARN__DUPLICATE_METHOD_MATCH = YES;
				"CODE_SIGN_IDENTITY[sdk=iphoneos*]" = "iPhone Developer";
				COPY_PHASE_STRIP = NO;
				DEBUG_INFORMATION_FORMAT = "dwarf-with-dsym";
				ENABLE_NS_ASSERTIONS = NO;
				ENABLE_STRICT_OBJC_MSGSEND = YES;
				GCC_C_LANGUAGE_STANDARD = gnu99;
				GCC_NO_COMMON_BLOCKS = YES;
				GCC_WARN_64_TO_32_BIT_CONVERSION = YES;
				GCC_WARN_ABOUT_RETURN_TYPE = YES_ERROR;
				GCC_WARN_UNDECLARED_SELECTOR = YES;
				GCC_WARN_UNINITIALIZED_AUTOS = YES_AGGRESSIVE;
				GCC_WARN_UNUSED_FUNCTION = YES;
				GCC_WARN_UNUSED_VARIABLE = YES;
				IPHONEOS_DEPLOYMENT_TARGET = 9.0;
				MTL_ENABLE_DEBUG_INFO = NO;
				SDKROOT = iphoneos;
				TARGETED_DEVICE_FAMILY = "1,2";
				VALIDATE_PRODUCT = YES;
			};
			name = Release;
		};
		36F9C16F1C55EDBF003D02AB /* Debug */ = {
			isa = XCBuildConfiguration;
			baseConfigurationReference = 2D336F626161773594C67CC5 /* Pods.debug.xcconfig */;
			buildSettings = {
				ASSETCATALOG_COMPILER_APPICON_NAME = AppIcon;
				CLANG_ENABLE_MODULES = YES;
				CODE_SIGN_IDENTITY = "iPhone Developer";
				"CODE_SIGN_IDENTITY[sdk=iphoneos*]" = "iPhone Developer";
				FRAMEWORK_SEARCH_PATHS = (
					"$(inherited)",
					"$(PROJECT_DIR)/JPP",
				);
				INFOPLIST_FILE = JPP/Info.plist;
				IPHONEOS_DEPLOYMENT_TARGET = 9.0;
				LD_RUNPATH_SEARCH_PATHS = "$(inherited) @executable_path/Frameworks";
				PRODUCT_BUNDLE_IDENTIFIER = com.jaipurpinkpanthers.ios;
				PRODUCT_NAME = JPP;
				PROVISIONING_PROFILE = "";
				SWIFT_OBJC_BRIDGING_HEADER = "JPP/JPP-Bridging-Header.h";
				SWIFT_OPTIMIZATION_LEVEL = "-Onone";
				TARGETED_DEVICE_FAMILY = 1;
			};
			name = Debug;
		};
		36F9C1701C55EDBF003D02AB /* Release */ = {
			isa = XCBuildConfiguration;
			baseConfigurationReference = 87466C106F929A2F048F5460 /* Pods.release.xcconfig */;
			buildSettings = {
				ASSETCATALOG_COMPILER_APPICON_NAME = AppIcon;
				CLANG_ENABLE_MODULES = YES;
				CODE_SIGN_IDENTITY = "iPhone Developer";
				"CODE_SIGN_IDENTITY[sdk=iphoneos*]" = "iPhone Developer";
				FRAMEWORK_SEARCH_PATHS = (
					"$(inherited)",
					"$(PROJECT_DIR)/JPP",
				);
				INFOPLIST_FILE = JPP/Info.plist;
				IPHONEOS_DEPLOYMENT_TARGET = 9.0;
				LD_RUNPATH_SEARCH_PATHS = "$(inherited) @executable_path/Frameworks";
				PRODUCT_BUNDLE_IDENTIFIER = com.jaipurpinkpanthers.ios;
				PRODUCT_NAME = JPP;
				PROVISIONING_PROFILE = "";
				SWIFT_OBJC_BRIDGING_HEADER = "JPP/JPP-Bridging-Header.h";
				TARGETED_DEVICE_FAMILY = 1;
			};
			name = Release;
		};
/* End XCBuildConfiguration section */

/* Begin XCConfigurationList section */
		36F9C1571C55EDBF003D02AB /* Build configuration list for PBXProject "JPP" */ = {
			isa = XCConfigurationList;
			buildConfigurations = (
				36F9C16C1C55EDBF003D02AB /* Debug */,
				36F9C16D1C55EDBF003D02AB /* Release */,
			);
			defaultConfigurationIsVisible = 0;
			defaultConfigurationName = Release;
		};
		36F9C16E1C55EDBF003D02AB /* Build configuration list for PBXNativeTarget "JPP" */ = {
			isa = XCConfigurationList;
			buildConfigurations = (
				36F9C16F1C55EDBF003D02AB /* Debug */,
				36F9C1701C55EDBF003D02AB /* Release */,
			);
			defaultConfigurationIsVisible = 0;
			defaultConfigurationName = Release;
		};
/* End XCConfigurationList section */
	};
	rootObject = 36F9C1541C55EDBF003D02AB /* Project object */;
}
