// !$*UTF8*$!
{
	archiveVersion = 1;
	classes = {
	};
	objectVersion = 46;
	objects = {

/* Begin PBXBuildFile section */
		360A50FE1C577A05001F7E40 /* SideMenuController.swift in Sources */ = {isa = PBXBuildFile; fileRef = 360A50FD1C577A05001F7E40 /* SideMenuController.swift */; };
		36F2CE8A1C56561300D0D2D6 /* player.xib in Resources */ = {isa = PBXBuildFile; fileRef = 36F2CE891C56561300D0D2D6 /* player.xib */; };
		36F2CE8C1C56561F00D0D2D6 /* player.swift in Sources */ = {isa = PBXBuildFile; fileRef = 36F2CE8B1C56561F00D0D2D6 /* player.swift */; };
		36F2CE8F1C56584400D0D2D6 /* galleryAlbum.swift in Sources */ = {isa = PBXBuildFile; fileRef = 36F2CE8E1C56584400D0D2D6 /* galleryAlbum.swift */; };
		36F2CE911C56585100D0D2D6 /* galleryAlbum.xib in Resources */ = {isa = PBXBuildFile; fileRef = 36F2CE901C56585100D0D2D6 /* galleryAlbum.xib */; };
		36F2CE941C565DD600D0D2D6 /* team.xib in Resources */ = {isa = PBXBuildFile; fileRef = 36F2CE931C565DD600D0D2D6 /* team.xib */; };
		36F2CE961C565DE100D0D2D6 /* team.swift in Sources */ = {isa = PBXBuildFile; fileRef = 36F2CE951C565DE100D0D2D6 /* team.swift */; };
		36F2CE991C5739F400D0D2D6 /* media.swift in Sources */ = {isa = PBXBuildFile; fileRef = 36F2CE981C5739F400D0D2D6 /* media.swift */; };
		36F2CE9B1C573A2300D0D2D6 /* media.xib in Resources */ = {isa = PBXBuildFile; fileRef = 36F2CE9A1C573A2300D0D2D6 /* media.xib */; };
		36F2CE9D1C57708C00D0D2D6 /* HomeController.swift in Sources */ = {isa = PBXBuildFile; fileRef = 36F2CE9C1C57708C00D0D2D6 /* HomeController.swift */; };
		36F2CE9F1C5770B900D0D2D6 /* ScheduleController.swift in Sources */ = {isa = PBXBuildFile; fileRef = 36F2CE9E1C5770B900D0D2D6 /* ScheduleController.swift */; };
		36F2CEA11C5770D400D0D2D6 /* GalleryController.swift in Sources */ = {isa = PBXBuildFile; fileRef = 36F2CEA01C5770D400D0D2D6 /* GalleryController.swift */; };
		36F2CEA31C5770E400D0D2D6 /* GalleryInsideController.swift in Sources */ = {isa = PBXBuildFile; fileRef = 36F2CEA21C5770E400D0D2D6 /* GalleryInsideController.swift */; };
		36F2CEA51C5770FE00D0D2D6 /* GalleryInside2Controller.swift in Sources */ = {isa = PBXBuildFile; fileRef = 36F2CEA41C5770FE00D0D2D6 /* GalleryInside2Controller.swift */; };
		36F2CEA71C57711E00D0D2D6 /* NewsController.swift in Sources */ = {isa = PBXBuildFile; fileRef = 36F2CEA61C57711E00D0D2D6 /* NewsController.swift */; };
		36F2CEA91C57712A00D0D2D6 /* NewsInsideController.swift in Sources */ = {isa = PBXBuildFile; fileRef = 36F2CEA81C57712A00D0D2D6 /* NewsInsideController.swift */; };
		36F2CEAB1C57718B00D0D2D6 /* KnowTeamController.swift in Sources */ = {isa = PBXBuildFile; fileRef = 36F2CEAA1C57718B00D0D2D6 /* KnowTeamController.swift */; };
		36F2CEAD1C5771AE00D0D2D6 /* KvowTeamInsideController.swift in Sources */ = {isa = PBXBuildFile; fileRef = 36F2CEAC1C5771AE00D0D2D6 /* KvowTeamInsideController.swift */; };
		36F2CEAF1C5771D800D0D2D6 /* MerchandiseController.swift in Sources */ = {isa = PBXBuildFile; fileRef = 36F2CEAE1C5771D800D0D2D6 /* MerchandiseController.swift */; };
		36F2CEB11C5771F200D0D2D6 /* WallpaperController.swift in Sources */ = {isa = PBXBuildFile; fileRef = 36F2CEB01C5771F200D0D2D6 /* WallpaperController.swift */; };
		36F2CEB31C57720600D0D2D6 /* WallpaperInsideController.swift in Sources */ = {isa = PBXBuildFile; fileRef = 36F2CEB21C57720600D0D2D6 /* WallpaperInsideController.swift */; };
		36F2CEB51C57721800D0D2D6 /* PointTableController.swift in Sources */ = {isa = PBXBuildFile; fileRef = 36F2CEB41C57721800D0D2D6 /* PointTableController.swift */; };
		36F2CEB71C57722B00D0D2D6 /* AboutController.swift in Sources */ = {isa = PBXBuildFile; fileRef = 36F2CEB61C57722B00D0D2D6 /* AboutController.swift */; };
		36F9C1601C55EDBF003D02AB /* AppDelegate.swift in Sources */ = {isa = PBXBuildFile; fileRef = 36F9C15F1C55EDBF003D02AB /* AppDelegate.swift */; };
		36F9C1651C55EDBF003D02AB /* Main.storyboard in Resources */ = {isa = PBXBuildFile; fileRef = 36F9C1631C55EDBF003D02AB /* Main.storyboard */; };
		36F9C1671C55EDBF003D02AB /* Assets.xcassets in Resources */ = {isa = PBXBuildFile; fileRef = 36F9C1661C55EDBF003D02AB /* Assets.xcassets */; };
		36F9C16A1C55EDBF003D02AB /* LaunchScreen.storyboard in Resources */ = {isa = PBXBuildFile; fileRef = 36F9C1681C55EDBF003D02AB /* LaunchScreen.storyboard */; };
		36F9C1731C55F948003D02AB /* SlideMenuController.swift in Sources */ = {isa = PBXBuildFile; fileRef = 36F9C1721C55F948003D02AB /* SlideMenuController.swift */; };
		36F9C1811C5605B9003D02AB /* UIViewControllerExtension.swift in Sources */ = {isa = PBXBuildFile; fileRef = 36F9C1801C5605B9003D02AB /* UIViewControllerExtension.swift */; };
		36F9C1831C5616B1003D02AB /* Layout.swift in Sources */ = {isa = PBXBuildFile; fileRef = 36F9C1821C5616B1003D02AB /* Layout.swift */; };
		36F9C1891C561722003D02AB /* schedule.xib in Resources */ = {isa = PBXBuildFile; fileRef = 36F9C1881C561722003D02AB /* schedule.xib */; };
		36F9C18C1C561759003D02AB /* schedule.swift in Sources */ = {isa = PBXBuildFile; fileRef = 36F9C18B1C561759003D02AB /* schedule.swift */; };
		36F9C19D1C5641BB003D02AB /* Oswald-Bold.ttf in Resources */ = {isa = PBXBuildFile; fileRef = 36F9C18E1C562837003D02AB /* Oswald-Bold.ttf */; };
		36F9C19E1C5641BB003D02AB /* Oswald-Light.ttf in Resources */ = {isa = PBXBuildFile; fileRef = 36F9C18F1C562837003D02AB /* Oswald-Light.ttf */; };
		36F9C19F1C5641BB003D02AB /* Oswald-Regular.ttf in Resources */ = {isa = PBXBuildFile; fileRef = 36F9C1901C562837003D02AB /* Oswald-Regular.ttf */; };
		36F9C1A01C5641BB003D02AB /* voyagefant_0.ttf in Resources */ = {isa = PBXBuildFile; fileRef = 36F9C1911C562837003D02AB /* voyagefant_0.ttf */; };
		36F9C1A11C5641BB003D02AB /* voyagefant3d.ttf in Resources */ = {isa = PBXBuildFile; fileRef = 36F9C1921C562837003D02AB /* voyagefant3d.ttf */; };
		36F9C1A21C5641BB003D02AB /* voyagefantacad.ttf in Resources */ = {isa = PBXBuildFile; fileRef = 36F9C1931C562837003D02AB /* voyagefantacad.ttf */; };
		36F9C1A31C5641BB003D02AB /* voyagefantcond.ttf in Resources */ = {isa = PBXBuildFile; fileRef = 36F9C1941C562837003D02AB /* voyagefantcond.ttf */; };
		36F9C1A41C5641BB003D02AB /* voyagefantexpand.ttf in Resources */ = {isa = PBXBuildFile; fileRef = 36F9C1951C562837003D02AB /* voyagefantexpand.ttf */; };
		36F9C1A51C5641BB003D02AB /* voyagefantgchrome.ttf in Resources */ = {isa = PBXBuildFile; fileRef = 36F9C1961C562837003D02AB /* voyagefantgchrome.ttf */; };
		36F9C1A61C5641BB003D02AB /* voyagefantgrad.ttf in Resources */ = {isa = PBXBuildFile; fileRef = 36F9C1971C562837003D02AB /* voyagefantgrad.ttf */; };
		36F9C1A71C5641BB003D02AB /* voyagefanthalf.ttf in Resources */ = {isa = PBXBuildFile; fileRef = 36F9C1981C562837003D02AB /* voyagefanthalf.ttf */; };
		36F9C1A81C5641BB003D02AB /* voyagefanthplat.ttf in Resources */ = {isa = PBXBuildFile; fileRef = 36F9C1991C562837003D02AB /* voyagefanthplat.ttf */; };
		36F9C1A91C5641BB003D02AB /* voyagefantlaser.ttf in Resources */ = {isa = PBXBuildFile; fileRef = 36F9C19A1C562837003D02AB /* voyagefantlaser.ttf */; };
		36F9C1AA1C5641BB003D02AB /* voyagefantstraight.ttf in Resources */ = {isa = PBXBuildFile; fileRef = 36F9C19B1C562837003D02AB /* voyagefantstraight.ttf */; };
		36F9C1AB1C5641BB003D02AB /* voyagefantstraightleft.ttf in Resources */ = {isa = PBXBuildFile; fileRef = 36F9C19C1C562837003D02AB /* voyagefantstraightleft.ttf */; };
		36F9C1AE1C5643DF003D02AB /* news.swift in Sources */ = {isa = PBXBuildFile; fileRef = 36F9C1AD1C5643DF003D02AB /* news.swift */; };
		36F9C1B01C5643E8003D02AB /* news.xib in Resources */ = {isa = PBXBuildFile; fileRef = 36F9C1AF1C5643E8003D02AB /* news.xib */; };
		36F9C1B31C564D14003D02AB /* table.xib in Resources */ = {isa = PBXBuildFile; fileRef = 36F9C1B21C564D14003D02AB /* table.xib */; };
		36F9C1B51C564EF4003D02AB /* table.swift in Sources */ = {isa = PBXBuildFile; fileRef = 36F9C1B41C564EF4003D02AB /* table.swift */; };
		36F9C1B91C5653E5003D02AB /* matches.swift in Sources */ = {isa = PBXBuildFile; fileRef = 36F9C1B81C5653E5003D02AB /* matches.swift */; };
		36F9C1BB1C5653EF003D02AB /* matches.xib in Resources */ = {isa = PBXBuildFile; fileRef = 36F9C1BA1C5653EF003D02AB /* matches.xib */; };
/* End PBXBuildFile section */

/* Begin PBXFileReference section */
		360A50FD1C577A05001F7E40 /* SideMenuController.swift */ = {isa = PBXFileReference; fileEncoding = 4; lastKnownFileType = sourcecode.swift; path = SideMenuController.swift; sourceTree = "<group>"; };
		36F2CE891C56561300D0D2D6 /* player.xib */ = {isa = PBXFileReference; fileEncoding = 4; lastKnownFileType = file.xib; path = player.xib; sourceTree = "<group>"; };
		36F2CE8B1C56561F00D0D2D6 /* player.swift */ = {isa = PBXFileReference; fileEncoding = 4; lastKnownFileType = sourcecode.swift; path = player.swift; sourceTree = "<group>"; };
		36F2CE8E1C56584400D0D2D6 /* galleryAlbum.swift */ = {isa = PBXFileReference; fileEncoding = 4; lastKnownFileType = sourcecode.swift; path = galleryAlbum.swift; sourceTree = "<group>"; };
		36F2CE901C56585100D0D2D6 /* galleryAlbum.xib */ = {isa = PBXFileReference; fileEncoding = 4; lastKnownFileType = file.xib; path = galleryAlbum.xib; sourceTree = "<group>"; };
		36F2CE931C565DD600D0D2D6 /* team.xib */ = {isa = PBXFileReference; fileEncoding = 4; lastKnownFileType = file.xib; path = team.xib; sourceTree = "<group>"; };
		36F2CE951C565DE100D0D2D6 /* team.swift */ = {isa = PBXFileReference; fileEncoding = 4; lastKnownFileType = sourcecode.swift; path = team.swift; sourceTree = "<group>"; };
		36F2CE981C5739F400D0D2D6 /* media.swift */ = {isa = PBXFileReference; fileEncoding = 4; lastKnownFileType = sourcecode.swift; path = media.swift; sourceTree = "<group>"; };
		36F2CE9A1C573A2300D0D2D6 /* media.xib */ = {isa = PBXFileReference; fileEncoding = 4; lastKnownFileType = file.xib; path = media.xib; sourceTree = "<group>"; };
		36F2CE9C1C57708C00D0D2D6 /* HomeController.swift */ = {isa = PBXFileReference; fileEncoding = 4; lastKnownFileType = sourcecode.swift; path = HomeController.swift; sourceTree = "<group>"; };
		36F2CE9E1C5770B900D0D2D6 /* ScheduleController.swift */ = {isa = PBXFileReference; fileEncoding = 4; lastKnownFileType = sourcecode.swift; path = ScheduleController.swift; sourceTree = "<group>"; };
		36F2CEA01C5770D400D0D2D6 /* GalleryController.swift */ = {isa = PBXFileReference; fileEncoding = 4; lastKnownFileType = sourcecode.swift; path = GalleryController.swift; sourceTree = "<group>"; };
		36F2CEA21C5770E400D0D2D6 /* GalleryInsideController.swift */ = {isa = PBXFileReference; fileEncoding = 4; lastKnownFileType = sourcecode.swift; path = GalleryInsideController.swift; sourceTree = "<group>"; };
		36F2CEA41C5770FE00D0D2D6 /* GalleryInside2Controller.swift */ = {isa = PBXFileReference; fileEncoding = 4; lastKnownFileType = sourcecode.swift; path = GalleryInside2Controller.swift; sourceTree = "<group>"; };
		36F2CEA61C57711E00D0D2D6 /* NewsController.swift */ = {isa = PBXFileReference; fileEncoding = 4; lastKnownFileType = sourcecode.swift; path = NewsController.swift; sourceTree = "<group>"; };
		36F2CEA81C57712A00D0D2D6 /* NewsInsideController.swift */ = {isa = PBXFileReference; fileEncoding = 4; lastKnownFileType = sourcecode.swift; path = NewsInsideController.swift; sourceTree = "<group>"; };
		36F2CEAA1C57718B00D0D2D6 /* KnowTeamController.swift */ = {isa = PBXFileReference; fileEncoding = 4; lastKnownFileType = sourcecode.swift; path = KnowTeamController.swift; sourceTree = "<group>"; };
		36F2CEAC1C5771AE00D0D2D6 /* KvowTeamInsideController.swift */ = {isa = PBXFileReference; fileEncoding = 4; lastKnownFileType = sourcecode.swift; path = KvowTeamInsideController.swift; sourceTree = "<group>"; };
		36F2CEAE1C5771D800D0D2D6 /* MerchandiseController.swift */ = {isa = PBXFileReference; fileEncoding = 4; lastKnownFileType = sourcecode.swift; path = MerchandiseController.swift; sourceTree = "<group>"; };
		36F2CEB01C5771F200D0D2D6 /* WallpaperController.swift */ = {isa = PBXFileReference; fileEncoding = 4; lastKnownFileType = sourcecode.swift; path = WallpaperController.swift; sourceTree = "<group>"; };
		36F2CEB21C57720600D0D2D6 /* WallpaperInsideController.swift */ = {isa = PBXFileReference; fileEncoding = 4; lastKnownFileType = sourcecode.swift; path = WallpaperInsideController.swift; sourceTree = "<group>"; };
		36F2CEB41C57721800D0D2D6 /* PointTableController.swift */ = {isa = PBXFileReference; fileEncoding = 4; lastKnownFileType = sourcecode.swift; path = PointTableController.swift; sourceTree = "<group>"; };
		36F2CEB61C57722B00D0D2D6 /* AboutController.swift */ = {isa = PBXFileReference; fileEncoding = 4; lastKnownFileType = sourcecode.swift; path = AboutController.swift; sourceTree = "<group>"; };
		36F9C15C1C55EDBF003D02AB /* JPP.app */ = {isa = PBXFileReference; explicitFileType = wrapper.application; includeInIndex = 0; path = JPP.app; sourceTree = BUILT_PRODUCTS_DIR; };
		36F9C15F1C55EDBF003D02AB /* AppDelegate.swift */ = {isa = PBXFileReference; lastKnownFileType = sourcecode.swift; path = AppDelegate.swift; sourceTree = "<group>"; };
		36F9C1641C55EDBF003D02AB /* Base */ = {isa = PBXFileReference; lastKnownFileType = file.storyboard; name = Base; path = Base.lproj/Main.storyboard; sourceTree = "<group>"; };
		36F9C1661C55EDBF003D02AB /* Assets.xcassets */ = {isa = PBXFileReference; lastKnownFileType = folder.assetcatalog; path = Assets.xcassets; sourceTree = "<group>"; };
		36F9C1691C55EDBF003D02AB /* Base */ = {isa = PBXFileReference; lastKnownFileType = file.storyboard; name = Base; path = Base.lproj/LaunchScreen.storyboard; sourceTree = "<group>"; };
		36F9C16B1C55EDBF003D02AB /* Info.plist */ = {isa = PBXFileReference; lastKnownFileType = text.plist.xml; path = Info.plist; sourceTree = "<group>"; };
		36F9C1721C55F948003D02AB /* SlideMenuController.swift */ = {isa = PBXFileReference; fileEncoding = 4; lastKnownFileType = sourcecode.swift; path = SlideMenuController.swift; sourceTree = "<group>"; };
		36F9C1801C5605B9003D02AB /* UIViewControllerExtension.swift */ = {isa = PBXFileReference; fileEncoding = 4; lastKnownFileType = sourcecode.swift; path = UIViewControllerExtension.swift; sourceTree = "<group>"; };
		36F9C1821C5616B1003D02AB /* Layout.swift */ = {isa = PBXFileReference; fileEncoding = 4; lastKnownFileType = sourcecode.swift; path = Layout.swift; sourceTree = "<group>"; };
		36F9C1881C561722003D02AB /* schedule.xib */ = {isa = PBXFileReference; fileEncoding = 4; lastKnownFileType = file.xib; path = schedule.xib; sourceTree = "<group>"; };
		36F9C18B1C561759003D02AB /* schedule.swift */ = {isa = PBXFileReference; fileEncoding = 4; lastKnownFileType = sourcecode.swift; path = schedule.swift; sourceTree = "<group>"; };
		36F9C18E1C562837003D02AB /* Oswald-Bold.ttf */ = {isa = PBXFileReference; lastKnownFileType = file; path = "Oswald-Bold.ttf"; sourceTree = "<group>"; };
		36F9C18F1C562837003D02AB /* Oswald-Light.ttf */ = {isa = PBXFileReference; lastKnownFileType = file; path = "Oswald-Light.ttf"; sourceTree = "<group>"; };
		36F9C1901C562837003D02AB /* Oswald-Regular.ttf */ = {isa = PBXFileReference; lastKnownFileType = file; path = "Oswald-Regular.ttf"; sourceTree = "<group>"; };
		36F9C1911C562837003D02AB /* voyagefant_0.ttf */ = {isa = PBXFileReference; lastKnownFileType = file; path = voyagefant_0.ttf; sourceTree = "<group>"; };
		36F9C1921C562837003D02AB /* voyagefant3d.ttf */ = {isa = PBXFileReference; lastKnownFileType = file; path = voyagefant3d.ttf; sourceTree = "<group>"; };
		36F9C1931C562837003D02AB /* voyagefantacad.ttf */ = {isa = PBXFileReference; lastKnownFileType = file; path = voyagefantacad.ttf; sourceTree = "<group>"; };
		36F9C1941C562837003D02AB /* voyagefantcond.ttf */ = {isa = PBXFileReference; lastKnownFileType = file; path = voyagefantcond.ttf; sourceTree = "<group>"; };
		36F9C1951C562837003D02AB /* voyagefantexpand.ttf */ = {isa = PBXFileReference; lastKnownFileType = file; path = voyagefantexpand.ttf; sourceTree = "<group>"; };
		36F9C1961C562837003D02AB /* voyagefantgchrome.ttf */ = {isa = PBXFileReference; lastKnownFileType = file; path = voyagefantgchrome.ttf; sourceTree = "<group>"; };
		36F9C1971C562837003D02AB /* voyagefantgrad.ttf */ = {isa = PBXFileReference; lastKnownFileType = file; path = voyagefantgrad.ttf; sourceTree = "<group>"; };
		36F9C1981C562837003D02AB /* voyagefanthalf.ttf */ = {isa = PBXFileReference; lastKnownFileType = file; path = voyagefanthalf.ttf; sourceTree = "<group>"; };
		36F9C1991C562837003D02AB /* voyagefanthplat.ttf */ = {isa = PBXFileReference; lastKnownFileType = file; path = voyagefanthplat.ttf; sourceTree = "<group>"; };
		36F9C19A1C562837003D02AB /* voyagefantlaser.ttf */ = {isa = PBXFileReference; lastKnownFileType = file; path = voyagefantlaser.ttf; sourceTree = "<group>"; };
		36F9C19B1C562837003D02AB /* voyagefantstraight.ttf */ = {isa = PBXFileReference; lastKnownFileType = file; path = voyagefantstraight.ttf; sourceTree = "<group>"; };
		36F9C19C1C562837003D02AB /* voyagefantstraightleft.ttf */ = {isa = PBXFileReference; lastKnownFileType = file; path = voyagefantstraightleft.ttf; sourceTree = "<group>"; };
		36F9C1AD1C5643DF003D02AB /* news.swift */ = {isa = PBXFileReference; fileEncoding = 4; lastKnownFileType = sourcecode.swift; path = news.swift; sourceTree = "<group>"; };
		36F9C1AF1C5643E8003D02AB /* news.xib */ = {isa = PBXFileReference; fileEncoding = 4; lastKnownFileType = file.xib; path = news.xib; sourceTree = "<group>"; };
		36F9C1B21C564D14003D02AB /* table.xib */ = {isa = PBXFileReference; fileEncoding = 4; lastKnownFileType = file.xib; path = table.xib; sourceTree = "<group>"; };
		36F9C1B41C564EF4003D02AB /* table.swift */ = {isa = PBXFileReference; fileEncoding = 4; lastKnownFileType = sourcecode.swift; path = table.swift; sourceTree = "<group>"; };
		36F9C1B81C5653E5003D02AB /* matches.swift */ = {isa = PBXFileReference; fileEncoding = 4; lastKnownFileType = sourcecode.swift; path = matches.swift; sourceTree = "<group>"; };
		36F9C1BA1C5653EF003D02AB /* matches.xib */ = {isa = PBXFileReference; fileEncoding = 4; lastKnownFileType = file.xib; path = matches.xib; sourceTree = "<group>"; };
/* End PBXFileReference section */

/* Begin PBXFrameworksBuildPhase section */
		36F9C1591C55EDBF003D02AB /* Frameworks */ = {
			isa = PBXFrameworksBuildPhase;
			buildActionMask = 2147483647;
			files = (
			);
			runOnlyForDeploymentPostprocessing = 0;
		};
/* End PBXFrameworksBuildPhase section */

/* Begin PBXGroup section */
		36F2CE881C56560700D0D2D6 /* player */ = {
			isa = PBXGroup;
			children = (
				36F2CE891C56561300D0D2D6 /* player.xib */,
				36F2CE8B1C56561F00D0D2D6 /* player.swift */,
			);
			name = player;
			sourceTree = "<group>";
		};
		36F2CE8D1C56582C00D0D2D6 /* galleryAlbum */ = {
			isa = PBXGroup;
			children = (
				36F2CE8E1C56584400D0D2D6 /* galleryAlbum.swift */,
				36F2CE901C56585100D0D2D6 /* galleryAlbum.xib */,
			);
			name = galleryAlbum;
			sourceTree = "<group>";
		};
		36F2CE921C565DCC00D0D2D6 /* team */ = {
			isa = PBXGroup;
			children = (
				36F2CE931C565DD600D0D2D6 /* team.xib */,
				36F2CE951C565DE100D0D2D6 /* team.swift */,
			);
			name = team;
			sourceTree = "<group>";
		};
		36F2CE971C5739E400D0D2D6 /* media */ = {
			isa = PBXGroup;
			children = (
				36F2CE981C5739F400D0D2D6 /* media.swift */,
				36F2CE9A1C573A2300D0D2D6 /* media.xib */,
			);
			name = media;
			sourceTree = "<group>";
		};
		36F9C1531C55EDBF003D02AB = {
			isa = PBXGroup;
			children = (
				36F9C15E1C55EDBF003D02AB /* JPP */,
				36F9C15D1C55EDBF003D02AB /* Products */,
			);
			sourceTree = "<group>";
		};
		36F9C15D1C55EDBF003D02AB /* Products */ = {
			isa = PBXGroup;
			children = (
				36F9C15C1C55EDBF003D02AB /* JPP.app */,
			);
			name = Products;
			sourceTree = "<group>";
		};
		36F9C15E1C55EDBF003D02AB /* JPP */ = {
			isa = PBXGroup;
			children = (
				36F9C15F1C55EDBF003D02AB /* AppDelegate.swift */,
				36F9C1711C55F935003D02AB /* Helper */,
				36F9C1861C5616E4003D02AB /* Controller */,
				36F9C1841C5616C6003D02AB /* Views */,
				36F9C1871C5616FC003D02AB /* StoryBoards */,
				36F9C1661C55EDBF003D02AB /* Assets.xcassets */,
				36F9C1681C55EDBF003D02AB /* LaunchScreen.storyboard */,
				36F9C16B1C55EDBF003D02AB /* Info.plist */,
				36F9C18D1C56282B003D02AB /* Fonts */,
			);
			path = JPP;
			sourceTree = "<group>";
		};
		36F9C1711C55F935003D02AB /* Helper */ = {
			isa = PBXGroup;
			children = (
				36F9C1801C5605B9003D02AB /* UIViewControllerExtension.swift */,
				36F9C1821C5616B1003D02AB /* Layout.swift */,
				36F9C1721C55F948003D02AB /* SlideMenuController.swift */,
			);
			name = Helper;
			sourceTree = "<group>";
		};
		36F9C1841C5616C6003D02AB /* Views */ = {
			isa = PBXGroup;
			children = (
				36F2CE971C5739E400D0D2D6 /* media */,
				36F2CE921C565DCC00D0D2D6 /* team */,
				36F2CE8D1C56582C00D0D2D6 /* galleryAlbum */,
				36F2CE881C56560700D0D2D6 /* player */,
				36F9C1B71C5653B0003D02AB /* matches */,
				36F9C1B11C564CF3003D02AB /* table */,
				36F9C1AC1C5643C6003D02AB /* news */,
				36F9C18A1C561740003D02AB /* schedule */,
			);
			name = Views;
			sourceTree = "<group>";
		};
		36F9C1861C5616E4003D02AB /* Controller */ = {
			isa = PBXGroup;
			children = (
				36F2CE9C1C57708C00D0D2D6 /* HomeController.swift */,
				360A50FD1C577A05001F7E40 /* SideMenuController.swift */,
				36F2CE9E1C5770B900D0D2D6 /* ScheduleController.swift */,
				36F2CEA01C5770D400D0D2D6 /* GalleryController.swift */,
				36F2CEA21C5770E400D0D2D6 /* GalleryInsideController.swift */,
				36F2CEA41C5770FE00D0D2D6 /* GalleryInside2Controller.swift */,
				36F2CEA61C57711E00D0D2D6 /* NewsController.swift */,
				36F2CEA81C57712A00D0D2D6 /* NewsInsideController.swift */,
				36F2CEAA1C57718B00D0D2D6 /* KnowTeamController.swift */,
				36F2CEAC1C5771AE00D0D2D6 /* KvowTeamInsideController.swift */,
				36F2CEAE1C5771D800D0D2D6 /* MerchandiseController.swift */,
				36F2CEB01C5771F200D0D2D6 /* WallpaperController.swift */,
				36F2CEB21C57720600D0D2D6 /* WallpaperInsideController.swift */,
				36F2CEB41C57721800D0D2D6 /* PointTableController.swift */,
				36F2CEB61C57722B00D0D2D6 /* AboutController.swift */,
			);
			name = Controller;
			sourceTree = "<group>";
		};
		36F9C1871C5616FC003D02AB /* StoryBoards */ = {
			isa = PBXGroup;
			children = (
				36F9C1631C55EDBF003D02AB /* Main.storyboard */,
			);
			name = StoryBoards;
			sourceTree = "<group>";
		};
		36F9C18A1C561740003D02AB /* schedule */ = {
			isa = PBXGroup;
			children = (
				36F9C1881C561722003D02AB /* schedule.xib */,
				36F9C18B1C561759003D02AB /* schedule.swift */,
			);
			name = schedule;
			sourceTree = "<group>";
		};
		36F9C18D1C56282B003D02AB /* Fonts */ = {
			isa = PBXGroup;
			children = (
				36F9C18E1C562837003D02AB /* Oswald-Bold.ttf */,
				36F9C18F1C562837003D02AB /* Oswald-Light.ttf */,
				36F9C1901C562837003D02AB /* Oswald-Regular.ttf */,
				36F9C1911C562837003D02AB /* voyagefant_0.ttf */,
				36F9C1921C562837003D02AB /* voyagefant3d.ttf */,
				36F9C1931C562837003D02AB /* voyagefantacad.ttf */,
				36F9C1941C562837003D02AB /* voyagefantcond.ttf */,
				36F9C1951C562837003D02AB /* voyagefantexpand.ttf */,
				36F9C1961C562837003D02AB /* voyagefantgchrome.ttf */,
				36F9C1971C562837003D02AB /* voyagefantgrad.ttf */,
				36F9C1981C562837003D02AB /* voyagefanthalf.ttf */,
				36F9C1991C562837003D02AB /* voyagefanthplat.ttf */,
				36F9C19A1C562837003D02AB /* voyagefantlaser.ttf */,
				36F9C19B1C562837003D02AB /* voyagefantstraight.ttf */,
				36F9C19C1C562837003D02AB /* voyagefantstraightleft.ttf */,
			);
			name = Fonts;
			sourceTree = "<group>";
		};
		36F9C1AC1C5643C6003D02AB /* news */ = {
			isa = PBXGroup;
			children = (
				36F9C1AF1C5643E8003D02AB /* news.xib */,
				36F9C1AD1C5643DF003D02AB /* news.swift */,
			);
			name = news;
			sourceTree = "<group>";
		};
		36F9C1B11C564CF3003D02AB /* table */ = {
			isa = PBXGroup;
			children = (
				36F9C1B21C564D14003D02AB /* table.xib */,
				36F9C1B41C564EF4003D02AB /* table.swift */,
			);
			name = table;
			sourceTree = "<group>";
		};
		36F9C1B71C5653B0003D02AB /* matches */ = {
			isa = PBXGroup;
			children = (
				36F9C1B81C5653E5003D02AB /* matches.swift */,
				36F9C1BA1C5653EF003D02AB /* matches.xib */,
			);
			name = matches;
			sourceTree = "<group>";
		};
/* End PBXGroup section */

/* Begin PBXNativeTarget section */
		36F9C15B1C55EDBF003D02AB /* JPP */ = {
			isa = PBXNativeTarget;
			buildConfigurationList = 36F9C16E1C55EDBF003D02AB /* Build configuration list for PBXNativeTarget "JPP" */;
			buildPhases = (
				36F9C1581C55EDBF003D02AB /* Sources */,
				36F9C1591C55EDBF003D02AB /* Frameworks */,
				36F9C15A1C55EDBF003D02AB /* Resources */,
			);
			buildRules = (
			);
			dependencies = (
			);
			name = JPP;
			productName = JPP;
			productReference = 36F9C15C1C55EDBF003D02AB /* JPP.app */;
			productType = "com.apple.product-type.application";
		};
/* End PBXNativeTarget section */

/* Begin PBXProject section */
		36F9C1541C55EDBF003D02AB /* Project object */ = {
			isa = PBXProject;
			attributes = {
				LastSwiftUpdateCheck = 0720;
				LastUpgradeCheck = 0720;
				ORGANIZATIONNAME = "Wohlig Technology";
				TargetAttributes = {
					36F9C15B1C55EDBF003D02AB = {
						CreatedOnToolsVersion = 7.2;
					};
				};
			};
			buildConfigurationList = 36F9C1571C55EDBF003D02AB /* Build configuration list for PBXProject "JPP" */;
			compatibilityVersion = "Xcode 3.2";
			developmentRegion = English;
			hasScannedForEncodings = 0;
			knownRegions = (
				en,
				Base,
			);
			mainGroup = 36F9C1531C55EDBF003D02AB;
			productRefGroup = 36F9C15D1C55EDBF003D02AB /* Products */;
			projectDirPath = "";
			projectRoot = "";
			targets = (
				36F9C15B1C55EDBF003D02AB /* JPP */,
			);
		};
/* End PBXProject section */

/* Begin PBXResourcesBuildPhase section */
		36F9C15A1C55EDBF003D02AB /* Resources */ = {
			isa = PBXResourcesBuildPhase;
			buildActionMask = 2147483647;
			files = (
				36F9C19D1C5641BB003D02AB /* Oswald-Bold.ttf in Resources */,
				36F9C19E1C5641BB003D02AB /* Oswald-Light.ttf in Resources */,
				36F9C19F1C5641BB003D02AB /* Oswald-Regular.ttf in Resources */,
				36F9C1A01C5641BB003D02AB /* voyagefant_0.ttf in Resources */,
				36F9C1A11C5641BB003D02AB /* voyagefant3d.ttf in Resources */,
				36F2CE941C565DD600D0D2D6 /* team.xib in Resources */,
				36F9C1A21C5641BB003D02AB /* voyagefantacad.ttf in Resources */,
				36F9C1A31C5641BB003D02AB /* voyagefantcond.ttf in Resources */,
				36F9C1A41C5641BB003D02AB /* voyagefantexpand.ttf in Resources */,
				36F9C1A51C5641BB003D02AB /* voyagefantgchrome.ttf in Resources */,
				36F2CE9B1C573A2300D0D2D6 /* media.xib in Resources */,
				36F2CE8A1C56561300D0D2D6 /* player.xib in Resources */,
				36F9C1BB1C5653EF003D02AB /* matches.xib in Resources */,
				36F9C1A61C5641BB003D02AB /* voyagefantgrad.ttf in Resources */,
				36F9C1B01C5643E8003D02AB /* news.xib in Resources */,
				36F9C1A71C5641BB003D02AB /* voyagefanthalf.ttf in Resources */,
				36F9C1A81C5641BB003D02AB /* voyagefanthplat.ttf in Resources */,
				36F9C1A91C5641BB003D02AB /* voyagefantlaser.ttf in Resources */,
				36F9C1AA1C5641BB003D02AB /* voyagefantstraight.ttf in Resources */,
				36F9C1AB1C5641BB003D02AB /* voyagefantstraightleft.ttf in Resources */,
				36F2CE911C56585100D0D2D6 /* galleryAlbum.xib in Resources */,
				36F9C16A1C55EDBF003D02AB /* LaunchScreen.storyboard in Resources */,
				36F9C1B31C564D14003D02AB /* table.xib in Resources */,
				36F9C1671C55EDBF003D02AB /* Assets.xcassets in Resources */,
				36F9C1891C561722003D02AB /* schedule.xib in Resources */,
				36F9C1651C55EDBF003D02AB /* Main.storyboard in Resources */,
			);
			runOnlyForDeploymentPostprocessing = 0;
		};
/* End PBXResourcesBuildPhase section */

/* Begin PBXSourcesBuildPhase section */
		36F9C1581C55EDBF003D02AB /* Sources */ = {
			isa = PBXSourcesBuildPhase;
			buildActionMask = 2147483647;
			files = (
				36F9C1811C5605B9003D02AB /* UIViewControllerExtension.swift in Sources */,
				36F2CE8F1C56584400D0D2D6 /* galleryAlbum.swift in Sources */,
				36F2CEA91C57712A00D0D2D6 /* NewsInsideController.swift in Sources */,
				36F2CEB51C57721800D0D2D6 /* PointTableController.swift in Sources */,
				36F2CE9F1C5770B900D0D2D6 /* ScheduleController.swift in Sources */,
				36F2CEA51C5770FE00D0D2D6 /* GalleryInside2Controller.swift in Sources */,
				36F2CEAB1C57718B00D0D2D6 /* KnowTeamController.swift in Sources */,
				36F2CE9D1C57708C00D0D2D6 /* HomeController.swift in Sources */,
				36F9C1B91C5653E5003D02AB /* matches.swift in Sources */,
				36F2CEAF1C5771D800D0D2D6 /* MerchandiseController.swift in Sources */,
				36F2CEA11C5770D400D0D2D6 /* GalleryController.swift in Sources */,
				36F9C1AE1C5643DF003D02AB /* news.swift in Sources */,
				36F9C18C1C561759003D02AB /* schedule.swift in Sources */,
				360A50FE1C577A05001F7E40 /* SideMenuController.swift in Sources */,
				36F2CEB31C57720600D0D2D6 /* WallpaperInsideController.swift in Sources */,
				36F9C1831C5616B1003D02AB /* Layout.swift in Sources */,
				36F9C1731C55F948003D02AB /* SlideMenuController.swift in Sources */,
				36F2CEB71C57722B00D0D2D6 /* AboutController.swift in Sources */,
				36F2CE991C5739F400D0D2D6 /* media.swift in Sources */,
				36F2CEB11C5771F200D0D2D6 /* WallpaperController.swift in Sources */,
				36F2CEAD1C5771AE00D0D2D6 /* KvowTeamInsideController.swift in Sources */,
				36F2CE961C565DE100D0D2D6 /* team.swift in Sources */,
				36F9C1B51C564EF4003D02AB /* table.swift in Sources */,
				36F2CEA31C5770E400D0D2D6 /* GalleryInsideController.swift in Sources */,
				36F2CEA71C57711E00D0D2D6 /* NewsController.swift in Sources */,
				36F2CE8C1C56561F00D0D2D6 /* player.swift in Sources */,
				36F9C1601C55EDBF003D02AB /* AppDelegate.swift in Sources */,
			);
			runOnlyForDeploymentPostprocessing = 0;
		};
/* End PBXSourcesBuildPhase section */

/* Begin PBXVariantGroup section */
		36F9C1631C55EDBF003D02AB /* Main.storyboard */ = {
			isa = PBXVariantGroup;
			children = (
				36F9C1641C55EDBF003D02AB /* Base */,
			);
			name = Main.storyboard;
			sourceTree = "<group>";
		};
		36F9C1681C55EDBF003D02AB /* LaunchScreen.storyboard */ = {
			isa = PBXVariantGroup;
			children = (
				36F9C1691C55EDBF003D02AB /* Base */,
			);
			name = LaunchScreen.storyboard;
			sourceTree = "<group>";
		};
/* End PBXVariantGroup section */

/* Begin XCBuildConfiguration section */
		36F9C16C1C55EDBF003D02AB /* Debug */ = {
			isa = XCBuildConfiguration;
			buildSettings = {
				ALWAYS_SEARCH_USER_PATHS = NO;
				CLANG_CXX_LANGUAGE_STANDARD = "gnu++0x";
				CLANG_CXX_LIBRARY = "libc++";
				CLANG_ENABLE_MODULES = YES;
				CLANG_ENABLE_OBJC_ARC = YES;
				CLANG_WARN_BOOL_CONVERSION = YES;
				CLANG_WARN_CONSTANT_CONVERSION = YES;
				CLANG_WARN_DIRECT_OBJC_ISA_USAGE = YES_ERROR;
				CLANG_WARN_EMPTY_BODY = YES;
				CLANG_WARN_ENUM_CONVERSION = YES;
				CLANG_WARN_INT_CONVERSION = YES;
				CLANG_WARN_OBJC_ROOT_CLASS = YES_ERROR;
				CLANG_WARN_UNREACHABLE_CODE = YES;
				CLANG_WARN__DUPLICATE_METHOD_MATCH = YES;
				"CODE_SIGN_IDENTITY[sdk=iphoneos*]" = "iPhone Developer";
				COPY_PHASE_STRIP = NO;
				DEBUG_INFORMATION_FORMAT = dwarf;
				ENABLE_STRICT_OBJC_MSGSEND = YES;
				ENABLE_TESTABILITY = YES;
				GCC_C_LANGUAGE_STANDARD = gnu99;
				GCC_DYNAMIC_NO_PIC = NO;
				GCC_NO_COMMON_BLOCKS = YES;
				GCC_OPTIMIZATION_LEVEL = 0;
				GCC_PREPROCESSOR_DEFINITIONS = (
					"DEBUG=1",
					"$(inherited)",
				);
				GCC_WARN_64_TO_32_BIT_CONVERSION = YES;
				GCC_WARN_ABOUT_RETURN_TYPE = YES_ERROR;
				GCC_WARN_UNDECLARED_SELECTOR = YES;
				GCC_WARN_UNINITIALIZED_AUTOS = YES_AGGRESSIVE;
				GCC_WARN_UNUSED_FUNCTION = YES;
				GCC_WARN_UNUSED_VARIABLE = YES;
				IPHONEOS_DEPLOYMENT_TARGET = 9.2;
				MTL_ENABLE_DEBUG_INFO = YES;
				ONLY_ACTIVE_ARCH = YES;
				SDKROOT = iphoneos;
				SWIFT_OPTIMIZATION_LEVEL = "-Onone";
				TARGETED_DEVICE_FAMILY = "1,2";
			};
			name = Debug;
		};
		36F9C16D1C55EDBF003D02AB /* Release */ = {
			isa = XCBuildConfiguration;
			buildSettings = {
				ALWAYS_SEARCH_USER_PATHS = NO;
				CLANG_CXX_LANGUAGE_STANDARD = "gnu++0x";
				CLANG_CXX_LIBRARY = "libc++";
				CLANG_ENABLE_MODULES = YES;
				CLANG_ENABLE_OBJC_ARC = YES;
				CLANG_WARN_BOOL_CONVERSION = YES;
				CLANG_WARN_CONSTANT_CONVERSION = YES;
				CLANG_WARN_DIRECT_OBJC_ISA_USAGE = YES_ERROR;
				CLANG_WARN_EMPTY_BODY = YES;
				CLANG_WARN_ENUM_CONVERSION = YES;
				CLANG_WARN_INT_CONVERSION = YES;
				CLANG_WARN_OBJC_ROOT_CLASS = YES_ERROR;
				CLANG_WARN_UNREACHABLE_CODE = YES;
				CLANG_WARN__DUPLICATE_METHOD_MATCH = YES;
				"CODE_SIGN_IDENTITY[sdk=iphoneos*]" = "iPhone Developer";
				COPY_PHASE_STRIP = NO;
				DEBUG_INFORMATION_FORMAT = "dwarf-with-dsym";
				ENABLE_NS_ASSERTIONS = NO;
				ENABLE_STRICT_OBJC_MSGSEND = YES;
				GCC_C_LANGUAGE_STANDARD = gnu99;
				GCC_NO_COMMON_BLOCKS = YES;
				GCC_WARN_64_TO_32_BIT_CONVERSION = YES;
				GCC_WARN_ABOUT_RETURN_TYPE = YES_ERROR;
				GCC_WARN_UNDECLARED_SELECTOR = YES;
				GCC_WARN_UNINITIALIZED_AUTOS = YES_AGGRESSIVE;
				GCC_WARN_UNUSED_FUNCTION = YES;
				GCC_WARN_UNUSED_VARIABLE = YES;
				IPHONEOS_DEPLOYMENT_TARGET = 9.2;
				MTL_ENABLE_DEBUG_INFO = NO;
				SDKROOT = iphoneos;
				TARGETED_DEVICE_FAMILY = "1,2";
				VALIDATE_PRODUCT = YES;
			};
			name = Release;
		};
		36F9C16F1C55EDBF003D02AB /* Debug */ = {
			isa = XCBuildConfiguration;
			buildSettings = {
				ASSETCATALOG_COMPILER_APPICON_NAME = AppIcon;
				INFOPLIST_FILE = JPP/Info.plist;
				LD_RUNPATH_SEARCH_PATHS = "$(inherited) @executable_path/Frameworks";
				PRODUCT_BUNDLE_IDENTIFIER = jpp.JPP;
				PRODUCT_NAME = "$(TARGET_NAME)";
			};
			name = Debug;
		};
		36F9C1701C55EDBF003D02AB /* Release */ = {
			isa = XCBuildConfiguration;
			buildSettings = {
				ASSETCATALOG_COMPILER_APPICON_NAME = AppIcon;
				INFOPLIST_FILE = JPP/Info.plist;
				LD_RUNPATH_SEARCH_PATHS = "$(inherited) @executable_path/Frameworks";
				PRODUCT_BUNDLE_IDENTIFIER = jpp.JPP;
				PRODUCT_NAME = "$(TARGET_NAME)";
			};
			name = Release;
		};
/* End XCBuildConfiguration section */

/* Begin XCConfigurationList section */
		36F9C1571C55EDBF003D02AB /* Build configuration list for PBXProject "JPP" */ = {
			isa = XCConfigurationList;
			buildConfigurations = (
				36F9C16C1C55EDBF003D02AB /* Debug */,
				36F9C16D1C55EDBF003D02AB /* Release */,
			);
			defaultConfigurationIsVisible = 0;
			defaultConfigurationName = Release;
		};
		36F9C16E1C55EDBF003D02AB /* Build configuration list for PBXNativeTarget "JPP" */ = {
			isa = XCConfigurationList;
			buildConfigurations = (
				36F9C16F1C55EDBF003D02AB /* Debug */,
				36F9C1701C55EDBF003D02AB /* Release */,
			);
			defaultConfigurationIsVisible = 0;
			defaultConfigurationName = Release;
		};
/* End XCConfigurationList section */
	};
	rootObject = 36F9C1541C55EDBF003D02AB /* Project object */;
}
